// !$*UTF8*$!
{
	archiveVersion = 1;
	classes = {
	};
	objectVersion = 46;
	objects = {

		70015A0364FED3F104D65A5E = {isa = PBXBuildFile; fileRef = DA8E85693D2B1FF0BF889168; };
		DFDB8C5D46962AC249F73203 = {isa = PBXBuildFile; fileRef = FC92B2E6ACE35464C37365C0; };
		C5990281B6687027A76DD404 = {isa = PBXBuildFile; fileRef = F0657FB482A465FFE77070B4; };
		B5785965B53E2E7F2A7A201D = {isa = PBXBuildFile; fileRef = F701B2463F7C32E2F70EDC9E; };
		3C328DFA663632E7E146BBFB = {isa = PBXBuildFile; fileRef = 2982CAEE56466F92B147596F; };
		3899860B5857962F2D20E2AC = {isa = PBXBuildFile; fileRef = 708A32A22376B7F496CD7798; };
		E80DDFD87DFAFCCA08F06C8D = {isa = PBXBuildFile; fileRef = 9B1E3A85F79B93B336420138; };
		ECD0C50902AADE2BFBEB2473 = {isa = PBXBuildFile; fileRef = FF8F36AEFDA9E963BDBA6C1C; };
		F0E616AAADE2C8DFABCA8F14 = {isa = PBXBuildFile; fileRef = 5ACCD6343F95DECDF7C87622; };
		EBBF31B52A750B6E7289B98D = {isa = PBXBuildFile; fileRef = 6FAA1735754E371C327821C5; };
		5B9DEC2B731165020FA1049D = {isa = PBXBuildFile; fileRef = 20CEA086029F58AA542CBA7F; };
		CAE49CFFD40DA63270862008 = {isa = PBXBuildFile; fileRef = C22689D9A7644931A85906FC; };
		F7AA88D706F73F4C397B30B1 = {isa = PBXBuildFile; fileRef = DE27C1948ACEC6272612D72E; };
		BABB947ED89952F98B386B72 = {isa = PBXBuildFile; fileRef = 15F652904622F97951DD8760; };
		D8C0EB835AB5C8588080ADA8 = {isa = PBXBuildFile; fileRef = 7BF6201286A446C72F198F49; };
		AF098924AEF22D10948AD247 = {isa = PBXBuildFile; fileRef = 4C463ABD44177594470FFE47; };
		1D6A35377B315D4C5DD8988C = {isa = PBXBuildFile; fileRef = 045F064420B996DA482F0524; };
		41FC30E3F431ADCDFD135F4C = {isa = PBXBuildFile; fileRef = ACBF9F7DFC62377D880D402F; };
		8390F31E7B7096D3DA0944D1 = {isa = PBXBuildFile; fileRef = DEBD83515A888D164A72466A; };
		0CA2034B04A72F85F23EB201 = {isa = PBXBuildFile; fileRef = 75C9AC824EAC4020A961879B; };
		C9834801CA7AB3E29856FDC2 = {isa = PBXBuildFile; fileRef = 0DDA6D8119B347264441012B; };
		1314F70188DC30A4977CDDD0 = {isa = PBXBuildFile; fileRef = 8126A2FEEEADA13BE0FBBEDC; };
		B1879709E8C90A122E11A6B8 = {isa = PBXBuildFile; fileRef = D93F57DC4C9A17D542621576; };
		8BCF2AF7F852A716F4D00EB0 = {isa = PBXBuildFile; fileRef = 5AAD65B542A5DDCE1E5985A4; };
		E896D98CADF243E39F1F6E84 = {isa = PBXBuildFile; fileRef = C2F21386E3215FCF960C1B91; };
		4860239990AE5F4B130A5680 = {isa = PBXBuildFile; fileRef = 477B58221DF81CA4CCFBB163; };
		88C7572808B1E1943F587C5F = {isa = PBXBuildFile; fileRef = 2FEC34D27432A22AE7CAC6D9; };
		4EC26D9DB3198022C8BF1406 = {isa = PBXBuildFile; fileRef = 48AA47F6F213537976A1552B; };
		11656091B95C9215503E152A = {isa = PBXBuildFile; fileRef = F4B13790FA6E54CB30E1745C; };
		6A046FF31D0EBC1C40704F87 = {isa = PBXBuildFile; fileRef = B66CFE7F398E1F50F599C6A1; };
		7BBE10E6FDD1CD23F494C0C2 = {isa = PBXBuildFile; fileRef = 013C9D8BD6D358E549C03D94; };
		206092AB1767607CB17F9B29 = {isa = PBXBuildFile; fileRef = 5D7ECB5D028435D6C0D2B563; };
		F9EB9D074B63BC4B1A5FE2B7 = {isa = PBXBuildFile; fileRef = C954F9431CE6C4895C5A23FF; };
		FED34880A2EA9A1399CB71E4 = {isa = PBXBuildFile; fileRef = 2762275E89F0D2DABEE3DE7F; };
		B8762B7F34F6924618698533 = {isa = PBXBuildFile; fileRef = 082CF55B286EE65B97B4E743; };
		C0098810CB2742477276CBF7 = {isa = PBXBuildFile; fileRef = 0142193359A9D97378D55458; };
		D5803E6A828BAB9702F9EA77 = {isa = PBXBuildFile; fileRef = C41CED7969E434E966D0E93E; };
		78905FC75640977BEA9CB160 = {isa = PBXBuildFile; fileRef = 53B14A3227113D23D86B6F4F; };
		0E0B14E636C1CF21EEBE48B9 = {isa = PBXBuildFile; fileRef = 1AB4E6E8EE83E1A0D9CDDF40; };
		F602C1CD22553264FCB0DB22 = {isa = PBXBuildFile; fileRef = ECA218C8F959D75DB14BDA70; };
		AFF22450B6D04FE7EF818BAF = {isa = PBXBuildFile; fileRef = 77FA38EFA63C31C97452FA3C; };
		0DC44A8380E8CCCC0198DA49 = {isa = PBXBuildFile; fileRef = D2CEEADFD9382AFA11643E7F; };
		56BF6057A83F84A69A01049D = {isa = PBXBuildFile; fileRef = 2BAE93C064B6E63BABD16EFE; };
		DD74587FD7F55E81991927E1 = {isa = PBXBuildFile; fileRef = C022AD3BB8B1AF2DD795FA53; };
		4A782920F483F568444DD70E = {isa = PBXBuildFile; fileRef = 19AD8465337D7A4BD428F0BD; };
		29D308AE36E4ACA84A90F549 = {isa = PBXBuildFile; fileRef = C5DA27B1EF5E23A867B15AD5; };
		A61216D8707D7655CB3E0EB3 = {isa = PBXBuildFile; fileRef = 4B23D166FD3B0C90C6F31FC4; };
		013C9D8BD6D358E549C03D94 = {isa = PBXFileReference; lastKnownFileType = file.r; name = "include_juce_audio_plugin_client_AU.r"; path = "../../JuceLibraryCode/include_juce_audio_plugin_client_AU.r"; sourceTree = "SOURCE_ROOT"; };
		0142193359A9D97378D55458 = {isa = PBXFileReference; lastKnownFileType = sourcecode.cpp.cpp; name = "include_juce_audio_plugin_client_utils.cpp"; path = "../../JuceLibraryCode/include_juce_audio_plugin_client_utils.cpp"; sourceTree = "SOURCE_ROOT"; };
		045F064420B996DA482F0524 = {isa = PBXFileReference; lastKnownFileType = wrapper.framework; name = IOKit.framework; path = System/Library/Frameworks/IOKit.framework; sourceTree = SDKROOT; };
		082CF55B286EE65B97B4E743 = {isa = PBXFileReference; lastKnownFileType = sourcecode.cpp.cpp; name = "include_juce_audio_plugin_client_Standalone.cpp"; path = "../../JuceLibraryCode/include_juce_audio_plugin_client_Standalone.cpp"; sourceTree = "SOURCE_ROOT"; };
		0BA4A88F2681C348389EFA78 = {isa = PBXFileReference; lastKnownFileType = text.plist.xml; name = "Info-VST3.plist"; path = "Info-VST3.plist"; sourceTree = "SOURCE_ROOT"; };
		0DDA6D8119B347264441012B = {isa = PBXFileReference; lastKnownFileType = folder; name = Camomile.txt; path = ../../Ressources/Camomile.txt; sourceTree = "<group>"; };
		1324DF0B83426B0472AA76A4 = {isa = PBXFileReference; lastKnownFileType = file; name = "juce_audio_basics"; path = "../../Juce/modules/juce_audio_basics"; sourceTree = "SOURCE_ROOT"; };
		15F652904622F97951DD8760 = {isa = PBXFileReference; lastKnownFileType = wrapper.framework; name = CoreAudioKit.framework; path = System/Library/Frameworks/CoreAudioKit.framework; sourceTree = SDKROOT; };
		19AD8465337D7A4BD428F0BD = {isa = PBXFileReference; lastKnownFileType = sourcecode.cpp.objcpp; name = "include_juce_graphics.mm"; path = "../../JuceLibraryCode/include_juce_graphics.mm"; sourceTree = "SOURCE_ROOT"; };
		1AB4E6E8EE83E1A0D9CDDF40 = {isa = PBXFileReference; lastKnownFileType = sourcecode.cpp.cpp; name = "include_juce_audio_plugin_client_VST3.cpp"; path = "../../JuceLibraryCode/include_juce_audio_plugin_client_VST3.cpp"; sourceTree = "SOURCE_ROOT"; };
		1DB4271FDE4D7A240EF8C0C3 = {isa = PBXFileReference; lastKnownFileType = text.plist.xml; name = "Info-Standalone_Plugin.plist"; path = "Info-Standalone_Plugin.plist"; sourceTree = "SOURCE_ROOT"; };
		1F03A036CEF78C6F5288C89A = {isa = PBXFileReference; lastKnownFileType = text.plist.xml; name = "Info-AU.plist"; path = "Info-AU.plist"; sourceTree = "SOURCE_ROOT"; };
		20CEA086029F58AA542CBA7F = {isa = PBXFileReference; lastKnownFileType = wrapper.framework; name = Carbon.framework; path = System/Library/Frameworks/Carbon.framework; sourceTree = SDKROOT; };
		2762275E89F0D2DABEE3DE7F = {isa = PBXFileReference; lastKnownFileType = sourcecode.cpp.objcpp; name = "include_juce_audio_plugin_client_AUv3.mm"; path = "../../JuceLibraryCode/include_juce_audio_plugin_client_AUv3.mm"; sourceTree = "SOURCE_ROOT"; };
		2BAE93C064B6E63BABD16EFE = {isa = PBXFileReference; lastKnownFileType = sourcecode.cpp.objcpp; name = "include_juce_data_structures.mm"; path = "../../JuceLibraryCode/include_juce_data_structures.mm"; sourceTree = "SOURCE_ROOT"; };
		2FEC34D27432A22AE7CAC6D9 = {isa = PBXFileReference; lastKnownFileType = sourcecode.cpp.cpp; name = xpd.cpp; path = ../../Source/xpd/xpd.cpp; sourceTree = "SOURCE_ROOT"; };
		32A83042D89C9C5CA5CB057D = {isa = PBXFileReference; lastKnownFileType = text.plist.xml; name = "Info-AUv3_AppExtension.plist"; path = "Info-AUv3_AppExtension.plist"; sourceTree = "SOURCE_ROOT"; };
		386F2C22B3608B2939DCA933 = {isa = PBXFileReference; lastKnownFileType = file; name = "juce_audio_formats"; path = "../../Juce/modules/juce_audio_formats"; sourceTree = "SOURCE_ROOT"; };
		4187B578D68903FFFBEA8F7B = {isa = PBXFileReference; lastKnownFileType = sourcecode.c.h; name = xpd.h; path = ../../Source/xpd/xpd.h; sourceTree = "SOURCE_ROOT"; };
		477B58221DF81CA4CCFBB163 = {isa = PBXFileReference; lastKnownFileType = sourcecode.cpp.cpp; name = PluginEditor.cpp; path = ../../Source/PluginEditor.cpp; sourceTree = "SOURCE_ROOT"; };
		48AA47F6F213537976A1552B = {isa = PBXFileReference; lastKnownFileType = sourcecode.cpp.objcpp; name = "include_juce_audio_basics.mm"; path = "../../JuceLibraryCode/include_juce_audio_basics.mm"; sourceTree = "SOURCE_ROOT"; };
		4B23D166FD3B0C90C6F31FC4 = {isa = PBXFileReference; lastKnownFileType = sourcecode.cpp.objcpp; name = "include_juce_gui_extra.mm"; path = "../../JuceLibraryCode/include_juce_gui_extra.mm"; sourceTree = "SOURCE_ROOT"; };
		4C463ABD44177594470FFE47 = {isa = PBXFileReference; lastKnownFileType = wrapper.framework; name = DiscRecording.framework; path = System/Library/Frameworks/DiscRecording.framework; sourceTree = SDKROOT; };
		53B14A3227113D23D86B6F4F = {isa = PBXFileReference; lastKnownFileType = sourcecode.cpp.cpp; name = "include_juce_audio_plugin_client_VST2.cpp"; path = "../../JuceLibraryCode/include_juce_audio_plugin_client_VST2.cpp"; sourceTree = "SOURCE_ROOT"; };
		5AAD65B542A5DDCE1E5985A4 = {isa = PBXFileReference; lastKnownFileType = sourcecode.cpp.cpp; name = PluginParameter.cpp; path = ../../Source/PluginParameter.cpp; sourceTree = "SOURCE_ROOT"; };
		5ACCD6343F95DECDF7C87622 = {isa = PBXFileReference; lastKnownFileType = wrapper.framework; name = AudioUnit.framework; path = System/Library/Frameworks/AudioUnit.framework; sourceTree = SDKROOT; };
		5D7ECB5D028435D6C0D2B563 = {isa = PBXFileReference; lastKnownFileType = sourcecode.cpp.objcpp; name = "include_juce_audio_plugin_client_AU_1.mm"; path = "../../JuceLibraryCode/include_juce_audio_plugin_client_AU_1.mm"; sourceTree = "SOURCE_ROOT"; };
		677A0755C9B576FE2E7FD2EE = {isa = PBXFileReference; lastKnownFileType = sourcecode.c.h; name = PluginParameter.h; path = ../../Source/PluginParameter.h; sourceTree = "SOURCE_ROOT"; };
		6854C3F71BAA9C731F0A32F9 = {isa = PBXFileReference; lastKnownFileType = sourcecode.c.h; name = PluginProcessor.h; path = ../../Source/PluginProcessor.h; sourceTree = "SOURCE_ROOT"; };
		6A441E94F88984BB966417E4 = {isa = PBXFileReference; lastKnownFileType = text.plist.xml; name = "Info-VST.plist"; path = "Info-VST.plist"; sourceTree = "SOURCE_ROOT"; };
		6E361782E2993D1E2ECB08F8 = {isa = PBXFileReference; lastKnownFileType = text.plist.xml; name = Camomile.entitlements; path = Camomile.entitlements; sourceTree = "SOURCE_ROOT"; };
		6FAA1735754E371C327821C5 = {isa = PBXFileReference; lastKnownFileType = wrapper.framework; name = AVFoundation.framework; path = System/Library/Frameworks/AVFoundation.framework; sourceTree = SDKROOT; };
		6FD8140580FF6EAB63FAA83C = {isa = PBXFileReference; lastKnownFileType = file; name = "juce_audio_plugin_client"; path = "../../Juce/modules/juce_audio_plugin_client"; sourceTree = "SOURCE_ROOT"; };
		75C9AC824EAC4020A961879B = {isa = PBXFileReference; lastKnownFileType = folder; name = Camomile.pd; path = ../../Ressources/Camomile.pd; sourceTree = "<group>"; };
		77FA38EFA63C31C97452FA3C = {isa = PBXFileReference; lastKnownFileType = sourcecode.cpp.objcpp; name = "include_juce_audio_utils.mm"; path = "../../JuceLibraryCode/include_juce_audio_utils.mm"; sourceTree = "SOURCE_ROOT"; };
		7BF6201286A446C72F198F49 = {isa = PBXFileReference; lastKnownFileType = wrapper.framework; name = CoreMIDI.framework; path = System/Library/Frameworks/CoreMIDI.framework; sourceTree = SDKROOT; };
		8126A2FEEEADA13BE0FBBEDC = {isa = PBXFileReference; lastKnownFileType = file.nib; name = RecentFilesMenuTemplate.nib; path = RecentFilesMenuTemplate.nib; sourceTree = "SOURCE_ROOT"; };
		8C5BE6CA7FD5C173AD1F0A61 = {isa = PBXFileReference; lastKnownFileType = file; name = "juce_gui_extra"; path = "../../Juce/modules/juce_gui_extra"; sourceTree = "SOURCE_ROOT"; };
		8C8B11EA7BDA39DC84820E3A = {isa = PBXFileReference; lastKnownFileType = sourcecode.c.h; name = AppConfig.h; path = ../../JuceLibraryCode/AppConfig.h; sourceTree = "SOURCE_ROOT"; };
		9B1E3A85F79B93B336420138 = {isa = PBXFileReference; lastKnownFileType = wrapper.framework; name = Accelerate.framework; path = System/Library/Frameworks/Accelerate.framework; sourceTree = SDKROOT; };
		A1BB8D4D4A0F1504D03654FA = {isa = PBXFileReference; lastKnownFileType = file; name = "juce_graphics"; path = "../../Juce/modules/juce_graphics"; sourceTree = "SOURCE_ROOT"; };
		ACBF9F7DFC62377D880D402F = {isa = PBXFileReference; lastKnownFileType = wrapper.framework; name = QuartzCore.framework; path = System/Library/Frameworks/QuartzCore.framework; sourceTree = SDKROOT; };
		B66CFE7F398E1F50F599C6A1 = {isa = PBXFileReference; lastKnownFileType = sourcecode.cpp.objcpp; name = "include_juce_audio_formats.mm"; path = "../../JuceLibraryCode/include_juce_audio_formats.mm"; sourceTree = "SOURCE_ROOT"; };
		C022AD3BB8B1AF2DD795FA53 = {isa = PBXFileReference; lastKnownFileType = sourcecode.cpp.objcpp; name = "include_juce_events.mm"; path = "../../JuceLibraryCode/include_juce_events.mm"; sourceTree = "SOURCE_ROOT"; };
		C1ABAC20E3FC21B29B08E824 = {isa = PBXFileReference; lastKnownFileType = file; name = "juce_core"; path = "../../Juce/modules/juce_core"; sourceTree = "SOURCE_ROOT"; };
		C22689D9A7644931A85906FC = {isa = PBXFileReference; lastKnownFileType = wrapper.framework; name = Cocoa.framework; path = System/Library/Frameworks/Cocoa.framework; sourceTree = SDKROOT; };
		C2F21386E3215FCF960C1B91 = {isa = PBXFileReference; lastKnownFileType = sourcecode.cpp.cpp; name = PluginChannelsManager.cpp; path = ../../Source/PluginChannelsManager.cpp; sourceTree = "SOURCE_ROOT"; };
		C41CED7969E434E966D0E93E = {isa = PBXFileReference; lastKnownFileType = sourcecode.cpp.objcpp; name = "include_juce_audio_plugin_client_VST_utils.mm"; path = "../../JuceLibraryCode/include_juce_audio_plugin_client_VST_utils.mm"; sourceTree = "SOURCE_ROOT"; };
		C5DA27B1EF5E23A867B15AD5 = {isa = PBXFileReference; lastKnownFileType = sourcecode.cpp.objcpp; name = "include_juce_gui_basics.mm"; path = "../../JuceLibraryCode/include_juce_gui_basics.mm"; sourceTree = "SOURCE_ROOT"; };
		C5FD496FEA73C3BAA42B8FEC = {isa = PBXFileReference; lastKnownFileType = file; name = "juce_data_structures"; path = "../../Juce/modules/juce_data_structures"; sourceTree = "SOURCE_ROOT"; };
		C954F9431CE6C4895C5A23FF = {isa = PBXFileReference; lastKnownFileType = sourcecode.cpp.objcpp; name = "include_juce_audio_plugin_client_AU_2.mm"; path = "../../JuceLibraryCode/include_juce_audio_plugin_client_AU_2.mm"; sourceTree = "SOURCE_ROOT"; };
		D2CEEADFD9382AFA11643E7F = {isa = PBXFileReference; lastKnownFileType = sourcecode.cpp.objcpp; name = "include_juce_core.mm"; path = "../../JuceLibraryCode/include_juce_core.mm"; sourceTree = "SOURCE_ROOT"; };
		D8F9C48189021E780267BA25 = {isa = PBXFileReference; lastKnownFileType = sourcecode.c.h; name = PluginChannelsManager.h; path = ../../Source/PluginChannelsManager.h; sourceTree = "SOURCE_ROOT"; };
		D93F57DC4C9A17D542621576 = {isa = PBXFileReference; lastKnownFileType = sourcecode.cpp.cpp; name = PluginProcessor.cpp; path = ../../Source/PluginProcessor.cpp; sourceTree = "SOURCE_ROOT"; };
		DA8E85693D2B1FF0BF889168 = {isa = PBXFileReference; explicitFileType = wrapper.cfbundle; includeInIndex = 0; path = Camomile.vst; sourceTree = "BUILT_PRODUCTS_DIR"; };
		DE27C1948ACEC6272612D72E = {isa = PBXFileReference; lastKnownFileType = wrapper.framework; name = CoreAudio.framework; path = System/Library/Frameworks/CoreAudio.framework; sourceTree = SDKROOT; };
		DEBD83515A888D164A72466A = {isa = PBXFileReference; lastKnownFileType = wrapper.framework; name = WebKit.framework; path = System/Library/Frameworks/WebKit.framework; sourceTree = SDKROOT; };
		ECA218C8F959D75DB14BDA70 = {isa = PBXFileReference; lastKnownFileType = sourcecode.cpp.objcpp; name = "include_juce_audio_processors.mm"; path = "../../JuceLibraryCode/include_juce_audio_processors.mm"; sourceTree = "SOURCE_ROOT"; };
		FC92B2E6ACE35464C37365C0 = {isa = PBXFileReference; explicitFileType = wrapper.cfbundle; includeInIndex = 0; path = Camomile.vst3; sourceTree = "BUILT_PRODUCTS_DIR"; };
		F0657FB482A465FFE77070B4 = {isa = PBXFileReference; explicitFileType = wrapper.cfbundle; includeInIndex = 0; path = Camomile.component; sourceTree = "BUILT_PRODUCTS_DIR"; };
		F701B2463F7C32E2F70EDC9E = {isa = PBXFileReference; explicitFileType = "wrapper.app-extension"; includeInIndex = 0; path = Camomile.appex; sourceTree = "BUILT_PRODUCTS_DIR"; };
		2982CAEE56466F92B147596F = {isa = PBXFileReference; explicitFileType = wrapper.application; includeInIndex = 0; path = Camomile.app; sourceTree = "BUILT_PRODUCTS_DIR"; };
		708A32A22376B7F496CD7798 = {isa = PBXFileReference; explicitFileType = archive.ar; includeInIndex = 0; path = libCamomile.a; sourceTree = "BUILT_PRODUCTS_DIR"; };
		F0BB540B2533ADB6320B8AEA = {isa = PBXFileReference; lastKnownFileType = file; name = "juce_audio_utils"; path = "../../Juce/modules/juce_audio_utils"; sourceTree = "SOURCE_ROOT"; };
		F1A1A94DECBFBAAFAF605A9F = {isa = PBXFileReference; lastKnownFileType = file; name = "juce_events"; path = "../../Juce/modules/juce_events"; sourceTree = "SOURCE_ROOT"; };
		F35F45D347E96C8A8436675F = {isa = PBXFileReference; lastKnownFileType = file; name = "juce_gui_basics"; path = "../../Juce/modules/juce_gui_basics"; sourceTree = "SOURCE_ROOT"; };
		F4B13790FA6E54CB30E1745C = {isa = PBXFileReference; lastKnownFileType = sourcecode.cpp.objcpp; name = "include_juce_audio_devices.mm"; path = "../../JuceLibraryCode/include_juce_audio_devices.mm"; sourceTree = "SOURCE_ROOT"; };
		F6D774BD1DBBF9B75613E572 = {isa = PBXFileReference; lastKnownFileType = sourcecode.c.h; name = PluginEditor.h; path = ../../Source/PluginEditor.h; sourceTree = "SOURCE_ROOT"; };
		FC0FD43862A871C7C884CF1A = {isa = PBXFileReference; lastKnownFileType = file; name = "juce_audio_devices"; path = "../../Juce/modules/juce_audio_devices"; sourceTree = "SOURCE_ROOT"; };
		FD1EE40C5D081D7FF8A1ED83 = {isa = PBXFileReference; lastKnownFileType = file; name = "juce_audio_processors"; path = "../../Juce/modules/juce_audio_processors"; sourceTree = "SOURCE_ROOT"; };
		FF7DD37BCA46E4231A5D6030 = {isa = PBXFileReference; lastKnownFileType = sourcecode.c.h; name = JuceHeader.h; path = ../../JuceLibraryCode/JuceHeader.h; sourceTree = "SOURCE_ROOT"; };
		FF8F36AEFDA9E963BDBA6C1C = {isa = PBXFileReference; lastKnownFileType = wrapper.framework; name = AudioToolbox.framework; path = System/Library/Frameworks/AudioToolbox.framework; sourceTree = SDKROOT; };
		500098BCBE6DFB8790ADB5E7 = {isa = PBXGroup; children = (
					D93F57DC4C9A17D542621576,
					6854C3F71BAA9C731F0A32F9,
					5AAD65B542A5DDCE1E5985A4,
					677A0755C9B576FE2E7FD2EE,
					C2F21386E3215FCF960C1B91,
					D8F9C48189021E780267BA25,
					477B58221DF81CA4CCFBB163,
					F6D774BD1DBBF9B75613E572, ); name = Source; sourceTree = "<group>"; };
		101B09C41E665E06897383BC = {isa = PBXGroup; children = (
					2FEC34D27432A22AE7CAC6D9,
					4187B578D68903FFFBEA8F7B, ); name = xpd; sourceTree = "<group>"; };
		6A2E49F82A1C2A08D38A666E = {isa = PBXGroup; children = (
					500098BCBE6DFB8790ADB5E7,
					101B09C41E665E06897383BC, ); name = Camomile; sourceTree = "<group>"; };
		A7A85AE8734DA0FAC453D456 = {isa = PBXGroup; children = (
					1324DF0B83426B0472AA76A4,
					FC0FD43862A871C7C884CF1A,
					386F2C22B3608B2939DCA933,
					6FD8140580FF6EAB63FAA83C,
					FD1EE40C5D081D7FF8A1ED83,
					F0BB540B2533ADB6320B8AEA,
					C1ABAC20E3FC21B29B08E824,
					C5FD496FEA73C3BAA42B8FEC,
					F1A1A94DECBFBAAFAF605A9F,
					A1BB8D4D4A0F1504D03654FA,
					F35F45D347E96C8A8436675F,
					8C5BE6CA7FD5C173AD1F0A61, ); name = "Juce Modules"; sourceTree = "<group>"; };
		C3A8EAF3BC524C1732835CB4 = {isa = PBXGroup; children = (
					8C8B11EA7BDA39DC84820E3A,
					48AA47F6F213537976A1552B,
					F4B13790FA6E54CB30E1745C,
					B66CFE7F398E1F50F599C6A1,
					013C9D8BD6D358E549C03D94,
					5D7ECB5D028435D6C0D2B563,
					C954F9431CE6C4895C5A23FF,
					2762275E89F0D2DABEE3DE7F,
					082CF55B286EE65B97B4E743,
					0142193359A9D97378D55458,
					C41CED7969E434E966D0E93E,
					53B14A3227113D23D86B6F4F,
					1AB4E6E8EE83E1A0D9CDDF40,
					ECA218C8F959D75DB14BDA70,
					77FA38EFA63C31C97452FA3C,
					D2CEEADFD9382AFA11643E7F,
					2BAE93C064B6E63BABD16EFE,
					C022AD3BB8B1AF2DD795FA53,
					19AD8465337D7A4BD428F0BD,
					C5DA27B1EF5E23A867B15AD5,
					4B23D166FD3B0C90C6F31FC4,
					FF7DD37BCA46E4231A5D6030, ); name = "Juce Library Code"; sourceTree = "<group>"; };
		E5D454A3D241BE5FFE99C1DD = {isa = PBXGroup; children = (
					75C9AC824EAC4020A961879B,
					0DDA6D8119B347264441012B,
					6A441E94F88984BB966417E4,
					0BA4A88F2681C348389EFA78,
					1F03A036CEF78C6F5288C89A,
					32A83042D89C9C5CA5CB057D,
					1DB4271FDE4D7A240EF8C0C3,
					8126A2FEEEADA13BE0FBBEDC, ); name = Resources; sourceTree = "<group>"; };
		99493604C4BE8FFEE01173C3 = {isa = PBXGroup; children = (
					9B1E3A85F79B93B336420138,
					FF8F36AEFDA9E963BDBA6C1C,
					5ACCD6343F95DECDF7C87622,
					6FAA1735754E371C327821C5,
					20CEA086029F58AA542CBA7F,
					C22689D9A7644931A85906FC,
					DE27C1948ACEC6272612D72E,
					15F652904622F97951DD8760,
					7BF6201286A446C72F198F49,
					4C463ABD44177594470FFE47,
					045F064420B996DA482F0524,
					ACBF9F7DFC62377D880D402F,
					DEBD83515A888D164A72466A, ); name = Frameworks; sourceTree = "<group>"; };
		E0811CE76297EA217932344A = {isa = PBXGroup; children = (
					DA8E85693D2B1FF0BF889168,
					FC92B2E6ACE35464C37365C0,
					F0657FB482A465FFE77070B4,
					F701B2463F7C32E2F70EDC9E,
					2982CAEE56466F92B147596F,
					708A32A22376B7F496CD7798, ); name = Products; sourceTree = "<group>"; };
		2832614ECCD05A7E32AD0AE8 = {isa = PBXGroup; children = (
					6E361782E2993D1E2ECB08F8,
					6A2E49F82A1C2A08D38A666E,
					A7A85AE8734DA0FAC453D456,
					C3A8EAF3BC524C1732835CB4,
					E5D454A3D241BE5FFE99C1DD,
					99493604C4BE8FFEE01173C3,
					E0811CE76297EA217932344A, ); name = Source; sourceTree = "<group>"; };
		2CBA2B2FAC7856B12F32D615 = {isa = XCBuildConfiguration; buildSettings = {
				MACOSX_DEPLOYMENT_TARGET = 10.9; }; name = Debug; };
		14448DF110F90A9D18FB6432 = {isa = XCBuildConfiguration; buildSettings = {
				MACOSX_DEPLOYMENT_TARGET = 10.9; }; name = Release; };
		38E777C9643692C810B1C8FB = {isa = XCBuildConfiguration; buildSettings = {
				ARCHS = "$(ARCHS_STANDARD_32_64_BIT)";
				CLANG_CXX_LANGUAGE_STANDARD = "c++11";
				CLANG_LINK_OBJC_RUNTIME = NO;
				COMBINE_HIDPI_IMAGES = YES;
				CONFIGURATION_BUILD_DIR = "$(PROJECT_DIR)/build/$(CONFIGURATION)";
				COPY_PHASE_STRIP = NO;
				DEPLOYMENT_LOCATION = YES;
				DSTROOT = /;
				GCC_DYNAMIC_NO_PIC = NO;
				GCC_OPTIMIZATION_LEVEL = 0;
				GCC_PREPROCESSOR_DEFINITIONS = (
					"_DEBUG=1",
					"DEBUG=1",
					"PDINSTANCE=1",
					"PDTHREAD=1",
					"JUCER_XCODE_MAC_F6D2F4CF=1",
					"JUCE_APP_VERSION=0.1.0.1",
					"JUCE_APP_VERSION_HEX=0x10001",
					"JucePlugin_Build_VST=1",
					"JucePlugin_Build_VST3=0",
					"JucePlugin_Build_AU=0",
					"JucePlugin_Build_AUv3=0",
					"JucePlugin_Build_RTAS=0",
					"JucePlugin_Build_AAX=0",
					"JucePlugin_Build_Standalone=0", );
				GCC_VERSION = com.apple.compilers.llvm.clang.1_0;
				GENERATE_PKGINFO_FILE = YES;
				HEADER_SEARCH_PATHS = ("../../VST", "../../JuceLibraryCode", "../../Juce/modules", "../../libpd/pure-data/src", "../../libpd/libpd_wrapper", "../../libpd/libpd_wrapper/util", "../../libpd/cpp", "../../Juce/modules/juce_audio_plugin_client", "$(inherited)");
				INFOPLIST_FILE = Info-VST.plist;
				INFOPLIST_PREPROCESS = NO;
				INSTALL_PATH = "$(HOME)/Library/Audio/Plug-Ins/VST/";
				LIBRARY_SEARCH_PATHS = ("$(inherited)", "\"../../libpd/libs\"");
				LIBRARY_STYLE = Bundle;
				MACOSX_DEPLOYMENT_TARGET = 10.9;
				MACOSX_DEPLOYMENT_TARGET_ppc = 10.4;
				OTHER_LDFLAGS = "-bundle -lCamomile -lpd-osx-multi";
				PRODUCT_BUNDLE_IDENTIFIER = com.pierreguillot.camomile;
				SDKROOT_ppc = macosx10.5;
				USE_HEADERMAP = NO;
				WRAPPER_EXTENSION = vst; }; name = Debug; };
		E1C833C24642DDE132DDB289 = {isa = XCBuildConfiguration; buildSettings = {
				ARCHS = "$(ARCHS_STANDARD_32_64_BIT)";
				CLANG_CXX_LANGUAGE_STANDARD = "c++11";
				CLANG_LINK_OBJC_RUNTIME = NO;
				COMBINE_HIDPI_IMAGES = YES;
				CONFIGURATION_BUILD_DIR = "$(PROJECT_DIR)/build/$(CONFIGURATION)";
				DEAD_CODE_STRIPPING = YES;
				DEPLOYMENT_LOCATION = YES;
				DSTROOT = /;
				GCC_GENERATE_DEBUGGING_SYMBOLS = NO;
				GCC_OPTIMIZATION_LEVEL = 3;
				GCC_PREPROCESSOR_DEFINITIONS = (
					"_NDEBUG=1",
					"NDEBUG=1",
					"PDINSTANCE=1",
					"PDTHREAD=1",
					"JUCER_XCODE_MAC_F6D2F4CF=1",
					"JUCE_APP_VERSION=0.1.0.1",
					"JUCE_APP_VERSION_HEX=0x10001",
					"JucePlugin_Build_VST=1",
					"JucePlugin_Build_VST3=0",
					"JucePlugin_Build_AU=0",
					"JucePlugin_Build_AUv3=0",
					"JucePlugin_Build_RTAS=0",
					"JucePlugin_Build_AAX=0",
					"JucePlugin_Build_Standalone=0", );
				GCC_SYMBOLS_PRIVATE_EXTERN = YES;
				GCC_VERSION = com.apple.compilers.llvm.clang.1_0;
				GENERATE_PKGINFO_FILE = YES;
				HEADER_SEARCH_PATHS = ("../../VST", "../../JuceLibraryCode", "../../Juce/modules", "../../libpd/pure-data/src", "../../libpd/libpd_wrapper", "../../libpd/libpd_wrapper/util", "../../libpd/cpp", "../../Juce/modules/juce_audio_plugin_client", "$(inherited)");
				INFOPLIST_FILE = Info-VST.plist;
				INFOPLIST_PREPROCESS = NO;
				INSTALL_PATH = "$(HOME)/Library/Audio/Plug-Ins/VST/";
				LIBRARY_SEARCH_PATHS = ("$(inherited)", "\"../../libpd/libs\"");
				LIBRARY_STYLE = Bundle;
				LLVM_LTO = YES;
				MACOSX_DEPLOYMENT_TARGET = 10.9;
				MACOSX_DEPLOYMENT_TARGET_ppc = 10.4;
				OTHER_LDFLAGS = "-bundle -lCamomile -lpd-osx-multi";
				PRODUCT_BUNDLE_IDENTIFIER = com.pierreguillot.camomile;
				SDKROOT_ppc = macosx10.5;
				USE_HEADERMAP = NO;
				WRAPPER_EXTENSION = vst; }; name = Release; };
		A07CC61ED7A2AA1C006DE2BF = {isa = XCBuildConfiguration; buildSettings = {
				ARCHS = "$(ARCHS_STANDARD_32_64_BIT)";
				CLANG_CXX_LANGUAGE_STANDARD = "c++11";
				CLANG_LINK_OBJC_RUNTIME = NO;
				COMBINE_HIDPI_IMAGES = YES;
				CONFIGURATION_BUILD_DIR = "$(PROJECT_DIR)/build/$(CONFIGURATION)";
				COPY_PHASE_STRIP = NO;
				DEPLOYMENT_LOCATION = YES;
				DSTROOT = /;
				GCC_DYNAMIC_NO_PIC = NO;
				GCC_OPTIMIZATION_LEVEL = 0;
				GCC_PREPROCESSOR_DEFINITIONS = (
					"_DEBUG=1",
					"DEBUG=1",
					"PDINSTANCE=1",
					"PDTHREAD=1",
					"JUCER_XCODE_MAC_F6D2F4CF=1",
					"JUCE_APP_VERSION=0.1.0.1",
					"JUCE_APP_VERSION_HEX=0x10001",
					"JucePlugin_Build_VST=0",
					"JucePlugin_Build_VST3=1",
					"JucePlugin_Build_AU=0",
					"JucePlugin_Build_AUv3=0",
					"JucePlugin_Build_RTAS=0",
					"JucePlugin_Build_AAX=0",
					"JucePlugin_Build_Standalone=0", );
				GCC_VERSION = com.apple.compilers.llvm.clang.1_0;
				GENERATE_PKGINFO_FILE = YES;
				HEADER_SEARCH_PATHS = ("../../VST", "../../JuceLibraryCode", "../../Juce/modules", "../../libpd/pure-data/src", "../../libpd/libpd_wrapper", "../../libpd/libpd_wrapper/util", "../../libpd/cpp", "../../Juce/modules/juce_audio_plugin_client", "$(inherited)");
				INFOPLIST_FILE = Info-VST3.plist;
				INFOPLIST_PREPROCESS = NO;
				INSTALL_PATH = "$(HOME)/Library/Audio/Plug-Ins/VST3/";
				LIBRARY_SEARCH_PATHS = ("$(inherited)", "\"../../libpd/libs\"");
				LIBRARY_STYLE = Bundle;
				MACOSX_DEPLOYMENT_TARGET = 10.9;
				MACOSX_DEPLOYMENT_TARGET_ppc = 10.4;
				OTHER_LDFLAGS = "-bundle -lCamomile -lpd-osx-multi";
				PRODUCT_BUNDLE_IDENTIFIER = com.pierreguillot.camomile;
				SDKROOT_ppc = macosx10.5;
				USE_HEADERMAP = NO;
				WRAPPER_EXTENSION = vst3; }; name = Debug; };
		666BA72AE4BA4C73FB897C57 = {isa = XCBuildConfiguration; buildSettings = {
				ARCHS = "$(ARCHS_STANDARD_32_64_BIT)";
				CLANG_CXX_LANGUAGE_STANDARD = "c++11";
				CLANG_LINK_OBJC_RUNTIME = NO;
				COMBINE_HIDPI_IMAGES = YES;
				CONFIGURATION_BUILD_DIR = "$(PROJECT_DIR)/build/$(CONFIGURATION)";
				DEAD_CODE_STRIPPING = YES;
				DEPLOYMENT_LOCATION = YES;
				DSTROOT = /;
				GCC_GENERATE_DEBUGGING_SYMBOLS = NO;
				GCC_OPTIMIZATION_LEVEL = 3;
				GCC_PREPROCESSOR_DEFINITIONS = (
					"_NDEBUG=1",
					"NDEBUG=1",
					"PDINSTANCE=1",
					"PDTHREAD=1",
					"JUCER_XCODE_MAC_F6D2F4CF=1",
					"JUCE_APP_VERSION=0.1.0.1",
					"JUCE_APP_VERSION_HEX=0x10001",
					"JucePlugin_Build_VST=0",
					"JucePlugin_Build_VST3=1",
					"JucePlugin_Build_AU=0",
					"JucePlugin_Build_AUv3=0",
					"JucePlugin_Build_RTAS=0",
					"JucePlugin_Build_AAX=0",
					"JucePlugin_Build_Standalone=0", );
				GCC_SYMBOLS_PRIVATE_EXTERN = YES;
				GCC_VERSION = com.apple.compilers.llvm.clang.1_0;
				GENERATE_PKGINFO_FILE = YES;
				HEADER_SEARCH_PATHS = ("../../VST", "../../JuceLibraryCode", "../../Juce/modules", "../../libpd/pure-data/src", "../../libpd/libpd_wrapper", "../../libpd/libpd_wrapper/util", "../../libpd/cpp", "../../Juce/modules/juce_audio_plugin_client", "$(inherited)");
				INFOPLIST_FILE = Info-VST3.plist;
				INFOPLIST_PREPROCESS = NO;
				INSTALL_PATH = "$(HOME)/Library/Audio/Plug-Ins/VST3/";
				LIBRARY_SEARCH_PATHS = ("$(inherited)", "\"../../libpd/libs\"");
				LIBRARY_STYLE = Bundle;
				LLVM_LTO = YES;
				MACOSX_DEPLOYMENT_TARGET = 10.9;
				MACOSX_DEPLOYMENT_TARGET_ppc = 10.4;
				OTHER_LDFLAGS = "-bundle -lCamomile -lpd-osx-multi";
				PRODUCT_BUNDLE_IDENTIFIER = com.pierreguillot.camomile;
				SDKROOT_ppc = macosx10.5;
				USE_HEADERMAP = NO;
				WRAPPER_EXTENSION = vst3; }; name = Release; };
		3ADE7EA06C7024AA54568943 = {isa = XCBuildConfiguration; buildSettings = {
				ARCHS = "$(ARCHS_STANDARD_32_64_BIT)";
				CLANG_CXX_LANGUAGE_STANDARD = "c++11";
				CLANG_LINK_OBJC_RUNTIME = NO;
				COMBINE_HIDPI_IMAGES = YES;
				CONFIGURATION_BUILD_DIR = "$(PROJECT_DIR)/build/$(CONFIGURATION)";
				COPY_PHASE_STRIP = NO;
				DEPLOYMENT_LOCATION = YES;
				DSTROOT = /;
				GCC_DYNAMIC_NO_PIC = NO;
				GCC_OPTIMIZATION_LEVEL = 0;
				GCC_PREPROCESSOR_DEFINITIONS = (
					"_DEBUG=1",
					"DEBUG=1",
					"PDINSTANCE=1",
					"PDTHREAD=1",
					"JUCER_XCODE_MAC_F6D2F4CF=1",
					"JUCE_APP_VERSION=0.1.0.1",
					"JUCE_APP_VERSION_HEX=0x10001",
					"JucePlugin_Build_VST=0",
					"JucePlugin_Build_VST3=0",
					"JucePlugin_Build_AU=1",
					"JucePlugin_Build_AUv3=0",
					"JucePlugin_Build_RTAS=0",
					"JucePlugin_Build_AAX=0",
					"JucePlugin_Build_Standalone=0", );
				GCC_VERSION = com.apple.compilers.llvm.clang.1_0;
				GENERATE_PKGINFO_FILE = YES;
				HEADER_SEARCH_PATHS = ("../../VST", "../../JuceLibraryCode", "../../Juce/modules", "../../libpd/pure-data/src", "../../libpd/libpd_wrapper", "../../libpd/libpd_wrapper/util", "../../libpd/cpp", "../../Juce/modules/juce_audio_plugin_client", "$(inherited)");
				INFOPLIST_FILE = Info-AU.plist;
				INFOPLIST_PREPROCESS = NO;
				INSTALL_PATH = "$(HOME)/Library/Audio/Plug-Ins/Components/";
				LIBRARY_SEARCH_PATHS = ("$(inherited)", "\"../../libpd/libs\"");
				LIBRARY_STYLE = Bundle;
				MACOSX_DEPLOYMENT_TARGET = 10.9;
				MACOSX_DEPLOYMENT_TARGET_ppc = 10.4;
				OTHER_LDFLAGS = "-bundle -lCamomile -lpd-osx-multi";
				OTHER_REZFLAGS = "-d ppc_$ppc -d i386_$i386 -d ppc64_$ppc64 -d x86_64_$x86_64 -I /System/Library/Frameworks/CoreServices.framework/Frameworks/CarbonCore.framework/Versions/A/Headers -I \"$(DEVELOPER_DIR)/Extras/CoreAudio/AudioUnits/AUPublic/AUBase\"";
				PRODUCT_BUNDLE_IDENTIFIER = com.pierreguillot.camomile;
				SDKROOT_ppc = macosx10.5;
				USE_HEADERMAP = NO;
				WRAPPER_EXTENSION = component; }; name = Debug; };
		4EC083C8D642847866BA9DC3 = {isa = XCBuildConfiguration; buildSettings = {
				ARCHS = "$(ARCHS_STANDARD_32_64_BIT)";
				CLANG_CXX_LANGUAGE_STANDARD = "c++11";
				CLANG_LINK_OBJC_RUNTIME = NO;
				COMBINE_HIDPI_IMAGES = YES;
				CONFIGURATION_BUILD_DIR = "$(PROJECT_DIR)/build/$(CONFIGURATION)";
				DEAD_CODE_STRIPPING = YES;
				DEPLOYMENT_LOCATION = YES;
				DSTROOT = /;
				GCC_GENERATE_DEBUGGING_SYMBOLS = NO;
				GCC_OPTIMIZATION_LEVEL = 3;
				GCC_PREPROCESSOR_DEFINITIONS = (
					"_NDEBUG=1",
					"NDEBUG=1",
					"PDINSTANCE=1",
					"PDTHREAD=1",
					"JUCER_XCODE_MAC_F6D2F4CF=1",
					"JUCE_APP_VERSION=0.1.0.1",
					"JUCE_APP_VERSION_HEX=0x10001",
					"JucePlugin_Build_VST=0",
					"JucePlugin_Build_VST3=0",
					"JucePlugin_Build_AU=1",
					"JucePlugin_Build_AUv3=0",
					"JucePlugin_Build_RTAS=0",
					"JucePlugin_Build_AAX=0",
					"JucePlugin_Build_Standalone=0", );
				GCC_SYMBOLS_PRIVATE_EXTERN = YES;
				GCC_VERSION = com.apple.compilers.llvm.clang.1_0;
				GENERATE_PKGINFO_FILE = YES;
				HEADER_SEARCH_PATHS = ("../../VST", "../../JuceLibraryCode", "../../Juce/modules", "../../libpd/pure-data/src", "../../libpd/libpd_wrapper", "../../libpd/libpd_wrapper/util", "../../libpd/cpp", "../../Juce/modules/juce_audio_plugin_client", "$(inherited)");
				INFOPLIST_FILE = Info-AU.plist;
				INFOPLIST_PREPROCESS = NO;
				INSTALL_PATH = "$(HOME)/Library/Audio/Plug-Ins/Components/";
				LIBRARY_SEARCH_PATHS = ("$(inherited)", "\"../../libpd/libs\"");
				LIBRARY_STYLE = Bundle;
				LLVM_LTO = YES;
				MACOSX_DEPLOYMENT_TARGET = 10.9;
				MACOSX_DEPLOYMENT_TARGET_ppc = 10.4;
				OTHER_LDFLAGS = "-bundle -lCamomile -lpd-osx-multi";
				OTHER_REZFLAGS = "-d ppc_$ppc -d i386_$i386 -d ppc64_$ppc64 -d x86_64_$x86_64 -I /System/Library/Frameworks/CoreServices.framework/Frameworks/CarbonCore.framework/Versions/A/Headers -I \"$(DEVELOPER_DIR)/Extras/CoreAudio/AudioUnits/AUPublic/AUBase\"";
				PRODUCT_BUNDLE_IDENTIFIER = com.pierreguillot.camomile;
				SDKROOT_ppc = macosx10.5;
				USE_HEADERMAP = NO;
				WRAPPER_EXTENSION = component; }; name = Release; };
		DB04394324F6EC9D3E7277FB = {isa = XCBuildConfiguration; buildSettings = {
				ARCHS = "$(ARCHS_STANDARD_64_BIT)";
				CLANG_CXX_LANGUAGE_STANDARD = "c++11";
				CLANG_LINK_OBJC_RUNTIME = NO;
				CODE_SIGN_ENTITLEMENTS = "Camomile.entitlements";
				COMBINE_HIDPI_IMAGES = YES;
				CONFIGURATION_BUILD_DIR = "$(PROJECT_DIR)/build/$(CONFIGURATION)";
				COPY_PHASE_STRIP = NO;
				GCC_DYNAMIC_NO_PIC = NO;
				GCC_OPTIMIZATION_LEVEL = 0;
				GCC_PREPROCESSOR_DEFINITIONS = (
					"_DEBUG=1",
					"DEBUG=1",
					"PDINSTANCE=1",
					"PDTHREAD=1",
					"JUCER_XCODE_MAC_F6D2F4CF=1",
					"JUCE_APP_VERSION=0.1.0.1",
					"JUCE_APP_VERSION_HEX=0x10001",
					"JucePlugin_Build_VST=0",
					"JucePlugin_Build_VST3=0",
					"JucePlugin_Build_AU=0",
					"JucePlugin_Build_AUv3=1",
					"JucePlugin_Build_RTAS=0",
					"JucePlugin_Build_AAX=0",
					"JucePlugin_Build_Standalone=0", );
				GCC_VERSION = com.apple.compilers.llvm.clang.1_0;
				HEADER_SEARCH_PATHS = ("../../VST", "../../JuceLibraryCode", "../../Juce/modules", "../../libpd/pure-data/src", "../../libpd/libpd_wrapper", "../../libpd/libpd_wrapper/util", "../../libpd/cpp", "../../Juce/modules/juce_audio_plugin_client", "$(inherited)");
				INFOPLIST_FILE = Info-AUv3_AppExtension.plist;
				INFOPLIST_PREPROCESS = NO;
				LIBRARY_SEARCH_PATHS = ("$(inherited)", "\"../../libpd/libs\"");
				MACOSX_DEPLOYMENT_TARGET = 10.11;
				MACOSX_DEPLOYMENT_TARGET_ppc = 10.4;
				OTHER_LDFLAGS = "-lCamomile -lpd-osx-multi";
				PRODUCT_BUNDLE_IDENTIFIER = com.pierreguillot.camomile.camomileAUv3;
				SDKROOT_ppc = macosx10.5;
				USE_HEADERMAP = NO; }; name = Debug; };
		A7420388A05E9695CFDBDB9D = {isa = XCBuildConfiguration; buildSettings = {
				ARCHS = "$(ARCHS_STANDARD_64_BIT)";
				CLANG_CXX_LANGUAGE_STANDARD = "c++11";
				CLANG_LINK_OBJC_RUNTIME = NO;
				CODE_SIGN_ENTITLEMENTS = "Camomile.entitlements";
				COMBINE_HIDPI_IMAGES = YES;
				CONFIGURATION_BUILD_DIR = "$(PROJECT_DIR)/build/$(CONFIGURATION)";
				DEAD_CODE_STRIPPING = YES;
				GCC_GENERATE_DEBUGGING_SYMBOLS = NO;
				GCC_OPTIMIZATION_LEVEL = 3;
				GCC_PREPROCESSOR_DEFINITIONS = (
					"_NDEBUG=1",
					"NDEBUG=1",
					"PDINSTANCE=1",
					"PDTHREAD=1",
					"JUCER_XCODE_MAC_F6D2F4CF=1",
					"JUCE_APP_VERSION=0.1.0.1",
					"JUCE_APP_VERSION_HEX=0x10001",
					"JucePlugin_Build_VST=0",
					"JucePlugin_Build_VST3=0",
					"JucePlugin_Build_AU=0",
					"JucePlugin_Build_AUv3=1",
					"JucePlugin_Build_RTAS=0",
					"JucePlugin_Build_AAX=0",
					"JucePlugin_Build_Standalone=0", );
				GCC_SYMBOLS_PRIVATE_EXTERN = YES;
				GCC_VERSION = com.apple.compilers.llvm.clang.1_0;
				HEADER_SEARCH_PATHS = ("../../VST", "../../JuceLibraryCode", "../../Juce/modules", "../../libpd/pure-data/src", "../../libpd/libpd_wrapper", "../../libpd/libpd_wrapper/util", "../../libpd/cpp", "../../Juce/modules/juce_audio_plugin_client", "$(inherited)");
				INFOPLIST_FILE = Info-AUv3_AppExtension.plist;
				INFOPLIST_PREPROCESS = NO;
				LIBRARY_SEARCH_PATHS = ("$(inherited)", "\"../../libpd/libs\"");
				LLVM_LTO = YES;
				MACOSX_DEPLOYMENT_TARGET = 10.11;
				MACOSX_DEPLOYMENT_TARGET_ppc = 10.4;
				OTHER_LDFLAGS = "-lCamomile -lpd-osx-multi";
				PRODUCT_BUNDLE_IDENTIFIER = com.pierreguillot.camomile.camomileAUv3;
				SDKROOT_ppc = macosx10.5;
				USE_HEADERMAP = NO; }; name = Release; };
		FD510304DD91B5E094CBB7E4 = {isa = XCBuildConfiguration; buildSettings = {
				ARCHS = "$(ARCHS_STANDARD_32_64_BIT)";
				CLANG_CXX_LANGUAGE_STANDARD = "c++11";
				CLANG_LINK_OBJC_RUNTIME = NO;
				COMBINE_HIDPI_IMAGES = YES;
				CONFIGURATION_BUILD_DIR = "$(PROJECT_DIR)/build/$(CONFIGURATION)";
				COPY_PHASE_STRIP = NO;
				GCC_DYNAMIC_NO_PIC = NO;
				GCC_OPTIMIZATION_LEVEL = 0;
				GCC_PREPROCESSOR_DEFINITIONS = (
					"_DEBUG=1",
					"DEBUG=1",
					"PDINSTANCE=1",
					"PDTHREAD=1",
					"JUCER_XCODE_MAC_F6D2F4CF=1",
					"JUCE_APP_VERSION=0.1.0.1",
					"JUCE_APP_VERSION_HEX=0x10001",
					"JucePlugin_Build_VST=0",
					"JucePlugin_Build_VST3=0",
					"JucePlugin_Build_AU=0",
					"JucePlugin_Build_AUv3=0",
					"JucePlugin_Build_RTAS=0",
					"JucePlugin_Build_AAX=0",
					"JucePlugin_Build_Standalone=1", );
				GCC_VERSION = com.apple.compilers.llvm.clang.1_0;
				HEADER_SEARCH_PATHS = ("../../VST", "../../JuceLibraryCode", "../../Juce/modules", "../../libpd/pure-data/src", "../../libpd/libpd_wrapper", "../../libpd/libpd_wrapper/util", "../../libpd/cpp", "../../Juce/modules/juce_audio_plugin_client", "$(inherited)");
				INFOPLIST_FILE = Info-Standalone_Plugin.plist;
				INFOPLIST_PREPROCESS = NO;
				LIBRARY_SEARCH_PATHS = ("$(inherited)", "\"../../libpd/libs\"");
				MACOSX_DEPLOYMENT_TARGET = 10.9;
				MACOSX_DEPLOYMENT_TARGET_ppc = 10.4;
				OTHER_LDFLAGS = "-lCamomile -lpd-osx-multi";
				PRODUCT_BUNDLE_IDENTIFIER = com.pierreguillot.camomile;
				SDKROOT_ppc = macosx10.5;
				USE_HEADERMAP = NO; }; name = Debug; };
		033521B1AD44B8328B62ED93 = {isa = XCBuildConfiguration; buildSettings = {
				ARCHS = "$(ARCHS_STANDARD_32_64_BIT)";
				CLANG_CXX_LANGUAGE_STANDARD = "c++11";
				CLANG_LINK_OBJC_RUNTIME = NO;
				COMBINE_HIDPI_IMAGES = YES;
				CONFIGURATION_BUILD_DIR = "$(PROJECT_DIR)/build/$(CONFIGURATION)";
				DEAD_CODE_STRIPPING = YES;
				GCC_GENERATE_DEBUGGING_SYMBOLS = NO;
				GCC_OPTIMIZATION_LEVEL = 3;
				GCC_PREPROCESSOR_DEFINITIONS = (
					"_NDEBUG=1",
					"NDEBUG=1",
					"PDINSTANCE=1",
					"PDTHREAD=1",
					"JUCER_XCODE_MAC_F6D2F4CF=1",
					"JUCE_APP_VERSION=0.1.0.1",
					"JUCE_APP_VERSION_HEX=0x10001",
					"JucePlugin_Build_VST=0",
					"JucePlugin_Build_VST3=0",
					"JucePlugin_Build_AU=0",
					"JucePlugin_Build_AUv3=0",
					"JucePlugin_Build_RTAS=0",
					"JucePlugin_Build_AAX=0",
					"JucePlugin_Build_Standalone=1", );
				GCC_SYMBOLS_PRIVATE_EXTERN = YES;
				GCC_VERSION = com.apple.compilers.llvm.clang.1_0;
				HEADER_SEARCH_PATHS = ("../../VST", "../../JuceLibraryCode", "../../Juce/modules", "../../libpd/pure-data/src", "../../libpd/libpd_wrapper", "../../libpd/libpd_wrapper/util", "../../libpd/cpp", "../../Juce/modules/juce_audio_plugin_client", "$(inherited)");
				INFOPLIST_FILE = Info-Standalone_Plugin.plist;
				INFOPLIST_PREPROCESS = NO;
				LIBRARY_SEARCH_PATHS = ("$(inherited)", "\"../../libpd/libs\"");
				LLVM_LTO = YES;
				MACOSX_DEPLOYMENT_TARGET = 10.9;
				MACOSX_DEPLOYMENT_TARGET_ppc = 10.4;
				OTHER_LDFLAGS = "-lCamomile -lpd-osx-multi";
				PRODUCT_BUNDLE_IDENTIFIER = com.pierreguillot.camomile;
				SDKROOT_ppc = macosx10.5;
				USE_HEADERMAP = NO; }; name = Release; };
		9ABADE3B86E7D606F573631A = {isa = XCBuildConfiguration; buildSettings = {
				ARCHS = "$(ARCHS_STANDARD_32_64_BIT)";
				CLANG_CXX_LANGUAGE_STANDARD = "c++11";
				CLANG_LINK_OBJC_RUNTIME = NO;
				COMBINE_HIDPI_IMAGES = YES;
				CONFIGURATION_BUILD_DIR = "$(PROJECT_DIR)/build/$(CONFIGURATION)";
				COPY_PHASE_STRIP = NO;
				GCC_DYNAMIC_NO_PIC = NO;
				GCC_OPTIMIZATION_LEVEL = 0;
				GCC_PREPROCESSOR_DEFINITIONS = (
					"_DEBUG=1",
					"DEBUG=1",
					"PDINSTANCE=1",
					"PDTHREAD=1",
					"JUCER_XCODE_MAC_F6D2F4CF=1",
					"JUCE_APP_VERSION=0.1.0.1",
					"JUCE_APP_VERSION_HEX=0x10001",
					"JucePlugin_Build_VST=1",
					"JucePlugin_Build_VST3=1",
					"JucePlugin_Build_AU=1",
					"JucePlugin_Build_AUv3=1",
					"JucePlugin_Build_RTAS=0",
					"JucePlugin_Build_AAX=0",
					"JucePlugin_Build_Standalone=1",
					"JUCE_SHARED_CODE=1", );
				GCC_VERSION = com.apple.compilers.llvm.clang.1_0;
				HEADER_SEARCH_PATHS = ("../../VST", "../../JuceLibraryCode", "../../Juce/modules", "../../libpd/pure-data/src", "../../libpd/libpd_wrapper", "../../libpd/libpd_wrapper/util", "../../libpd/cpp", "../../Juce/modules/juce_audio_plugin_client", "$(inherited)");
				INSTALL_PATH = "@executable_path/../Frameworks";
				LIBRARY_SEARCH_PATHS = ("$(inherited)", "\"../../libpd/libs\"");
				MACOSX_DEPLOYMENT_TARGET = 10.9;
				MACOSX_DEPLOYMENT_TARGET_ppc = 10.4;
				OTHER_LDFLAGS = "-lpd-osx-multi";
				PRODUCT_BUNDLE_IDENTIFIER = com.pierreguillot.camomile;
				SDKROOT_ppc = macosx10.5;
				USE_HEADERMAP = NO; }; name = Debug; };
		4562E92E467DB3A22C5AAF79 = {isa = XCBuildConfiguration; buildSettings = {
				ARCHS = "$(ARCHS_STANDARD_32_64_BIT)";
				CLANG_CXX_LANGUAGE_STANDARD = "c++11";
				CLANG_LINK_OBJC_RUNTIME = NO;
				COMBINE_HIDPI_IMAGES = YES;
				CONFIGURATION_BUILD_DIR = "$(PROJECT_DIR)/build/$(CONFIGURATION)";
				DEAD_CODE_STRIPPING = YES;
				GCC_GENERATE_DEBUGGING_SYMBOLS = NO;
				GCC_OPTIMIZATION_LEVEL = 3;
				GCC_PREPROCESSOR_DEFINITIONS = (
					"_NDEBUG=1",
					"NDEBUG=1",
					"PDINSTANCE=1",
					"PDTHREAD=1",
					"JUCER_XCODE_MAC_F6D2F4CF=1",
					"JUCE_APP_VERSION=0.1.0.1",
					"JUCE_APP_VERSION_HEX=0x10001",
					"JucePlugin_Build_VST=1",
					"JucePlugin_Build_VST3=1",
					"JucePlugin_Build_AU=1",
					"JucePlugin_Build_AUv3=1",
					"JucePlugin_Build_RTAS=0",
					"JucePlugin_Build_AAX=0",
					"JucePlugin_Build_Standalone=1",
					"JUCE_SHARED_CODE=1", );
				GCC_SYMBOLS_PRIVATE_EXTERN = YES;
				GCC_VERSION = com.apple.compilers.llvm.clang.1_0;
				HEADER_SEARCH_PATHS = ("../../VST", "../../JuceLibraryCode", "../../Juce/modules", "../../libpd/pure-data/src", "../../libpd/libpd_wrapper", "../../libpd/libpd_wrapper/util", "../../libpd/cpp", "../../Juce/modules/juce_audio_plugin_client", "$(inherited)");
				INSTALL_PATH = "@executable_path/../Frameworks";
				LIBRARY_SEARCH_PATHS = ("$(inherited)", "\"../../libpd/libs\"");
				LLVM_LTO = YES;
				MACOSX_DEPLOYMENT_TARGET = 10.9;
				MACOSX_DEPLOYMENT_TARGET_ppc = 10.4;
				OTHER_LDFLAGS = "-lpd-osx-multi";
				PRODUCT_BUNDLE_IDENTIFIER = com.pierreguillot.camomile;
				SDKROOT_ppc = macosx10.5;
				USE_HEADERMAP = NO; }; name = Release; };
		1D9E97C41AB620D034265DDF = {isa = XCBuildConfiguration; buildSettings = {
				ALWAYS_SEARCH_USER_PATHS = NO;
				CLANG_WARN_BLOCK_CAPTURE_AUTORELEASING = YES;
				CLANG_WARN_BOOL_CONVERSION = YES;
				CLANG_WARN_COMMA = YES;
				CLANG_WARN_CONSTANT_CONVERSION = YES;
				CLANG_WARN_EMPTY_BODY = YES;
				CLANG_WARN_ENUM_CONVERSION = YES;
				CLANG_WARN_INFINITE_RECURSION = YES;
				CLANG_WARN_INT_CONVERSION = YES;
				CLANG_WARN_NON_LITERAL_NULL_CONVERSION = YES;
				CLANG_WARN_OBJC_LITERAL_CONVERSION = YES;
				CLANG_WARN_RANGE_LOOP_ANALYSIS = YES;
				CLANG_WARN_STRICT_PROTOTYPES = YES;
				CLANG_WARN_SUSPICIOUS_MOVE = YES;
				CLANG_WARN_UNREACHABLE_CODE = YES;
				CLANG_WARN__DUPLICATE_METHOD_MATCH = YES;
				DEBUG_INFORMATION_FORMAT = "dwarf";
				ENABLE_STRICT_OBJC_MSGSEND = YES;
				ENABLE_TESTABILITY = YES;
				GCC_C_LANGUAGE_STANDARD = c11;
				GCC_INLINES_ARE_PRIVATE_EXTERN = YES;
				GCC_MODEL_TUNING = G5;
				GCC_NO_COMMON_BLOCKS = YES;
				GCC_WARN_64_TO_32_BIT_CONVERSION = YES;
				GCC_WARN_ABOUT_RETURN_TYPE = YES;
				GCC_WARN_CHECK_SWITCH_STATEMENTS = YES;
				GCC_WARN_MISSING_PARENTHESES = YES;
				GCC_WARN_NON_VIRTUAL_DESTRUCTOR = YES;
				GCC_WARN_TYPECHECK_CALLS_TO_PRINTF = YES;
				GCC_WARN_UNDECLARED_SELECTOR = YES;
				GCC_WARN_UNINITIALIZED_AUTOS = YES;
				GCC_WARN_UNUSED_FUNCTION = YES;
				GCC_WARN_UNUSED_VARIABLE = YES;
				PRODUCT_NAME = "Camomile";
				WARNING_CFLAGS = -Wreorder;
				ZERO_LINK = NO; }; name = Debug; };
		756F04450FE3A75679FFB2C2 = {isa = XCBuildConfiguration; buildSettings = {
				ALWAYS_SEARCH_USER_PATHS = NO;
				CLANG_WARN_BLOCK_CAPTURE_AUTORELEASING = YES;
				CLANG_WARN_BOOL_CONVERSION = YES;
				CLANG_WARN_COMMA = YES;
				CLANG_WARN_CONSTANT_CONVERSION = YES;
				CLANG_WARN_EMPTY_BODY = YES;
				CLANG_WARN_ENUM_CONVERSION = YES;
				CLANG_WARN_INFINITE_RECURSION = YES;
				CLANG_WARN_INT_CONVERSION = YES;
				CLANG_WARN_NON_LITERAL_NULL_CONVERSION = YES;
				CLANG_WARN_OBJC_LITERAL_CONVERSION = YES;
				CLANG_WARN_RANGE_LOOP_ANALYSIS = YES;
				CLANG_WARN_STRICT_PROTOTYPES = YES;
				CLANG_WARN_SUSPICIOUS_MOVE = YES;
				CLANG_WARN_UNREACHABLE_CODE = YES;
				CLANG_WARN__DUPLICATE_METHOD_MATCH = YES;
				DEBUG_INFORMATION_FORMAT = "dwarf";
				ENABLE_STRICT_OBJC_MSGSEND = YES;
				GCC_C_LANGUAGE_STANDARD = c11;
				GCC_INLINES_ARE_PRIVATE_EXTERN = YES;
				GCC_MODEL_TUNING = G5;
				GCC_NO_COMMON_BLOCKS = YES;
				GCC_WARN_64_TO_32_BIT_CONVERSION = YES;
				GCC_WARN_ABOUT_RETURN_TYPE = YES;
				GCC_WARN_CHECK_SWITCH_STATEMENTS = YES;
				GCC_WARN_MISSING_PARENTHESES = YES;
				GCC_WARN_NON_VIRTUAL_DESTRUCTOR = YES;
				GCC_WARN_TYPECHECK_CALLS_TO_PRINTF = YES;
				GCC_WARN_UNDECLARED_SELECTOR = YES;
				GCC_WARN_UNINITIALIZED_AUTOS = YES;
				GCC_WARN_UNUSED_FUNCTION = YES;
				GCC_WARN_UNUSED_VARIABLE = YES;
				PRODUCT_NAME = "Camomile";
				WARNING_CFLAGS = -Wreorder;
				ZERO_LINK = NO; }; name = Release; };
		398955D5066CDD4932E310CA = {isa = PBXTargetDependency; target = 783348B185006D1B6D1CF889; };
		A1C3BEFB2FD635B36DFEC246 = {isa = PBXTargetDependency; target = 074FFE22626A916E5D070022; };
		7D367FF9FDC3FA3B59CD142E = {isa = PBXTargetDependency; target = 6E51637F255AB3A3BE377A27; };
		D2E67024A0194D967AC8D40B = {isa = PBXTargetDependency; target = 2F2F04546680B4DD58DB17BE; };
		F67E9B8F47BCDE82A8A71A44 = {isa = PBXTargetDependency; target = C98FC50E459BFE203A718FB9; };
		3B6CB08BC817F55EB2060FF0 = {isa = PBXTargetDependency; target = DDC710B892FDE37A0F19292D; };
		45B5D544EF566C9A80C194D1 = {isa = XCConfigurationList; buildConfigurations = (
					1D9E97C41AB620D034265DDF,
					756F04450FE3A75679FFB2C2, ); defaultConfigurationIsVisible = 0; defaultConfigurationName = Debug; };
		3B22A2F6D74B5F05E60E2F12 = {isa = XCConfigurationList; buildConfigurations = (
					2CBA2B2FAC7856B12F32D615,
					14448DF110F90A9D18FB6432, ); defaultConfigurationIsVisible = 0; defaultConfigurationName = Debug; };
		FF882317069013018CDCC4B9 = {isa = PBXAggregateTarget; buildConfigurationList = 3B22A2F6D74B5F05E60E2F12; buildPhases = (  ); buildRules = ( ); dependencies = (
					398955D5066CDD4932E310CA,
					A1C3BEFB2FD635B36DFEC246,
					7D367FF9FDC3FA3B59CD142E,
					D2E67024A0194D967AC8D40B,
					F67E9B8F47BCDE82A8A71A44,
					3B6CB08BC817F55EB2060FF0, ); name = "Camomile - All"; productName = Camomile; };
		12F3F19C9140816E401200E7 = {isa = XCConfigurationList; buildConfigurations = (
					38E777C9643692C810B1C8FB,
					E1C833C24642DDE132DDB289, ); defaultConfigurationIsVisible = 0; defaultConfigurationName = Debug; };
		977FD1C77702E965B0B941EB = {isa = PBXResourcesBuildPhase; buildActionMask = 2147483647; files = (
					0CA2034B04A72F85F23EB201,
					C9834801CA7AB3E29856FDC2,
					1314F70188DC30A4977CDDD0, ); runOnlyForDeploymentPostprocessing = 0; };
		A7D8A5492218422E17FDE59F = {isa = PBXSourcesBuildPhase; buildActionMask = 2147483647; files = (
					78905FC75640977BEA9CB160, ); runOnlyForDeploymentPostprocessing = 0; };
		056BAEA50FAAB89AEDEE104E = {isa = PBXFrameworksBuildPhase; buildActionMask = 2147483647; files = (
					E80DDFD87DFAFCCA08F06C8D,
					ECD0C50902AADE2BFBEB2473,
					5B9DEC2B731165020FA1049D,
					CAE49CFFD40DA63270862008,
					F7AA88D706F73F4C397B30B1,
					D8C0EB835AB5C8588080ADA8,
					AF098924AEF22D10948AD247,
					1D6A35377B315D4C5DD8988C,
					41FC30E3F431ADCDFD135F4C,
					8390F31E7B7096D3DA0944D1, ); runOnlyForDeploymentPostprocessing = 0; };
		783348B185006D1B6D1CF889 = {isa = PBXNativeTarget; buildConfigurationList = 12F3F19C9140816E401200E7; buildPhases = (
					977FD1C77702E965B0B941EB,
					A7D8A5492218422E17FDE59F,
					056BAEA50FAAB89AEDEE104E, ); buildRules = ( ); dependencies = (
					3B6CB08BC817F55EB2060FF0, ); name = "Camomile - VST"; productName = Camomile; productReference = DA8E85693D2B1FF0BF889168; productType = "com.apple.product-type.bundle"; };
		013B136A6DAE9FC0796286AA = {isa = XCConfigurationList; buildConfigurations = (
					A07CC61ED7A2AA1C006DE2BF,
					666BA72AE4BA4C73FB897C57, ); defaultConfigurationIsVisible = 0; defaultConfigurationName = Debug; };
		C411242BDF6664CD3B446C46 = {isa = PBXResourcesBuildPhase; buildActionMask = 2147483647; files = (
					0CA2034B04A72F85F23EB201,
					C9834801CA7AB3E29856FDC2,
					1314F70188DC30A4977CDDD0, ); runOnlyForDeploymentPostprocessing = 0; };
		85D9FACA5A845790C890047A = {isa = PBXSourcesBuildPhase; buildActionMask = 2147483647; files = (
					0E0B14E636C1CF21EEBE48B9, ); runOnlyForDeploymentPostprocessing = 0; };
		D6664941DA95E4B0A1AC81B9 = {isa = PBXFrameworksBuildPhase; buildActionMask = 2147483647; files = (
					E80DDFD87DFAFCCA08F06C8D,
					ECD0C50902AADE2BFBEB2473,
					5B9DEC2B731165020FA1049D,
					CAE49CFFD40DA63270862008,
					F7AA88D706F73F4C397B30B1,
					D8C0EB835AB5C8588080ADA8,
					AF098924AEF22D10948AD247,
					1D6A35377B315D4C5DD8988C,
					41FC30E3F431ADCDFD135F4C,
					8390F31E7B7096D3DA0944D1, ); runOnlyForDeploymentPostprocessing = 0; };
		074FFE22626A916E5D070022 = {isa = PBXNativeTarget; buildConfigurationList = 013B136A6DAE9FC0796286AA; buildPhases = (
					C411242BDF6664CD3B446C46,
					85D9FACA5A845790C890047A,
					D6664941DA95E4B0A1AC81B9, ); buildRules = ( ); dependencies = (
					3B6CB08BC817F55EB2060FF0, ); name = "Camomile - VST3"; productName = Camomile; productReference = FC92B2E6ACE35464C37365C0; productType = "com.apple.product-type.bundle"; };
		0EC1838C1EE6910A33A80587 = {isa = XCConfigurationList; buildConfigurations = (
					3ADE7EA06C7024AA54568943,
					4EC083C8D642847866BA9DC3, ); defaultConfigurationIsVisible = 0; defaultConfigurationName = Debug; };
		746A63D10CBD9CFD254F3CC8 = {isa = PBXResourcesBuildPhase; buildActionMask = 2147483647; files = (
					0CA2034B04A72F85F23EB201,
					C9834801CA7AB3E29856FDC2,
					1314F70188DC30A4977CDDD0, ); runOnlyForDeploymentPostprocessing = 0; };
		7DF46B730180C36DCC6DBEEE = {isa = PBXRezBuildPhase; buildActionMask = 2147483647; files = (
					7BBE10E6FDD1CD23F494C0C2, ); runOnlyForDeploymentPostprocessing = 0; };
		2723395CC2E1ACB1AEC5BE36 = {isa = PBXSourcesBuildPhase; buildActionMask = 2147483647; files = (
					206092AB1767607CB17F9B29,
					F9EB9D074B63BC4B1A5FE2B7, ); runOnlyForDeploymentPostprocessing = 0; };
		6124DA50739A55043DD888B0 = {isa = PBXFrameworksBuildPhase; buildActionMask = 2147483647; files = (
					E80DDFD87DFAFCCA08F06C8D,
					ECD0C50902AADE2BFBEB2473,
					F0E616AAADE2C8DFABCA8F14,
					5B9DEC2B731165020FA1049D,
					CAE49CFFD40DA63270862008,
					F7AA88D706F73F4C397B30B1,
					BABB947ED89952F98B386B72,
					D8C0EB835AB5C8588080ADA8,
					AF098924AEF22D10948AD247,
					1D6A35377B315D4C5DD8988C,
					41FC30E3F431ADCDFD135F4C,
					8390F31E7B7096D3DA0944D1, ); runOnlyForDeploymentPostprocessing = 0; };
		6E51637F255AB3A3BE377A27 = {isa = PBXNativeTarget; buildConfigurationList = 0EC1838C1EE6910A33A80587; buildPhases = (
					746A63D10CBD9CFD254F3CC8,
					7DF46B730180C36DCC6DBEEE,
					2723395CC2E1ACB1AEC5BE36,
					6124DA50739A55043DD888B0, ); buildRules = ( ); dependencies = (
					3B6CB08BC817F55EB2060FF0, ); name = "Camomile - AU"; productName = Camomile; productReference = F0657FB482A465FFE77070B4; productType = "com.apple.product-type.bundle"; };
		D7E96FDDC5C0F19B2D162FA5 = {isa = XCConfigurationList; buildConfigurations = (
					DB04394324F6EC9D3E7277FB,
					A7420388A05E9695CFDBDB9D, ); defaultConfigurationIsVisible = 0; defaultConfigurationName = Debug; };
		EE11587926AC3814EB9A9967 = {isa = PBXSourcesBuildPhase; buildActionMask = 2147483647; files = (
					FED34880A2EA9A1399CB71E4, ); runOnlyForDeploymentPostprocessing = 0; };
		752226734657C14D899E954A = {isa = PBXFrameworksBuildPhase; buildActionMask = 2147483647; files = (
					E80DDFD87DFAFCCA08F06C8D,
					ECD0C50902AADE2BFBEB2473,
					F0E616AAADE2C8DFABCA8F14,
					EBBF31B52A750B6E7289B98D,
					5B9DEC2B731165020FA1049D,
					CAE49CFFD40DA63270862008,
					F7AA88D706F73F4C397B30B1,
					BABB947ED89952F98B386B72,
					D8C0EB835AB5C8588080ADA8,
					AF098924AEF22D10948AD247,
					1D6A35377B315D4C5DD8988C,
					41FC30E3F431ADCDFD135F4C,
					8390F31E7B7096D3DA0944D1, ); runOnlyForDeploymentPostprocessing = 0; };
		2F2F04546680B4DD58DB17BE = {isa = PBXNativeTarget; buildConfigurationList = D7E96FDDC5C0F19B2D162FA5; buildPhases = (
					EE11587926AC3814EB9A9967,
					752226734657C14D899E954A, ); buildRules = ( ); dependencies = (
					3B6CB08BC817F55EB2060FF0, ); name = "Camomile - AUv3 AppExtension"; productName = Camomile; productReference = F701B2463F7C32E2F70EDC9E; productType = "com.apple.product-type.app-extension"; };
		18ED5962ED0D94E5787181EC = {isa = XCConfigurationList; buildConfigurations = (
					FD510304DD91B5E094CBB7E4,
					033521B1AD44B8328B62ED93, ); defaultConfigurationIsVisible = 0; defaultConfigurationName = Debug; };
		FD251AA71C4366DB0318AC59 = {isa = PBXResourcesBuildPhase; buildActionMask = 2147483647; files = (
					0CA2034B04A72F85F23EB201,
					C9834801CA7AB3E29856FDC2,
					1314F70188DC30A4977CDDD0, ); runOnlyForDeploymentPostprocessing = 0; };
		3BB70E1B0EFA0DCADDB0DB8C = {isa = PBXSourcesBuildPhase; buildActionMask = 2147483647; files = (
					B8762B7F34F6924618698533, ); runOnlyForDeploymentPostprocessing = 0; };
		B78995C2BF7A0E5E15EDE36E = {isa = PBXFrameworksBuildPhase; buildActionMask = 2147483647; files = (
					E80DDFD87DFAFCCA08F06C8D,
					ECD0C50902AADE2BFBEB2473,
					5B9DEC2B731165020FA1049D,
					CAE49CFFD40DA63270862008,
					F7AA88D706F73F4C397B30B1,
					D8C0EB835AB5C8588080ADA8,
					AF098924AEF22D10948AD247,
					1D6A35377B315D4C5DD8988C,
					41FC30E3F431ADCDFD135F4C,
					8390F31E7B7096D3DA0944D1, ); runOnlyForDeploymentPostprocessing = 0; };
		6476EDDBBE1A97D33C21F50D = {isa = PBXCopyFilesBuildPhase; buildActionMask = 2147483647; files = (
					B5785965B53E2E7F2A7A201D, ); runOnlyForDeploymentPostprocessing = 0; name = "Embed App Extensions"; dstPath = ""; dstSubfolderSpec = 13; };
		C98FC50E459BFE203A718FB9 = {isa = PBXNativeTarget; buildConfigurationList = 18ED5962ED0D94E5787181EC; buildPhases = (
					FD251AA71C4366DB0318AC59,
					3BB70E1B0EFA0DCADDB0DB8C,
					B78995C2BF7A0E5E15EDE36E,
					6476EDDBBE1A97D33C21F50D, ); buildRules = ( ); dependencies = (
					D2E67024A0194D967AC8D40B,
					3B6CB08BC817F55EB2060FF0, ); name = "Camomile - Standalone Plugin"; productName = Camomile; productReference = 2982CAEE56466F92B147596F; productType = "com.apple.product-type.application"; };
		DA3EF33CB753A60A9AB8C905 = {isa = XCConfigurationList; buildConfigurations = (
					9ABADE3B86E7D606F573631A,
					4562E92E467DB3A22C5AAF79, ); defaultConfigurationIsVisible = 0; defaultConfigurationName = Debug; };
		ABAF9E396C72F301341376AF = {isa = PBXSourcesBuildPhase; buildActionMask = 2147483647; files = (
					B1879709E8C90A122E11A6B8,
					8BCF2AF7F852A716F4D00EB0,
					E896D98CADF243E39F1F6E84,
					4860239990AE5F4B130A5680,
					88C7572808B1E1943F587C5F,
					4EC26D9DB3198022C8BF1406,
					11656091B95C9215503E152A,
					6A046FF31D0EBC1C40704F87,
					C0098810CB2742477276CBF7,
					D5803E6A828BAB9702F9EA77,
					F602C1CD22553264FCB0DB22,
					AFF22450B6D04FE7EF818BAF,
					0DC44A8380E8CCCC0198DA49,
					56BF6057A83F84A69A01049D,
					DD74587FD7F55E81991927E1,
					4A782920F483F568444DD70E,
					29D308AE36E4ACA84A90F549,
					A61216D8707D7655CB3E0EB3, ); runOnlyForDeploymentPostprocessing = 0; };
		DDC710B892FDE37A0F19292D = {isa = PBXNativeTarget; buildConfigurationList = DA3EF33CB753A60A9AB8C905; buildPhases = (
					ABAF9E396C72F301341376AF, ); buildRules = ( ); dependencies = (  ); name = "Camomile - Shared Code"; productName = Camomile; productReference = 708A32A22376B7F496CD7798; productType = "com.apple.product-type.library.static"; };
		15ACA8DC04997A4E478AA331 = {isa = PBXProject; buildConfigurationList = 45B5D544EF566C9A80C194D1; attributes = { LastUpgradeCheck = 0830; TargetAttributes = { FF882317069013018CDCC4B9 = { SystemCapabilities = {com.apple.ApplicationGroups.iOS = { enabled = 0; }; com.apple.InAppPurchase = { enabled = 0; }; com.apple.InterAppAudio = { enabled = 0; }; com.apple.Push = { enabled = 0; }; com.apple.Sandbox = { enabled = 0; }; }; };783348B185006D1B6D1CF889 = { SystemCapabilities = {com.apple.ApplicationGroups.iOS = { enabled = 0; }; com.apple.InAppPurchase = { enabled = 0; }; com.apple.InterAppAudio = { enabled = 0; }; com.apple.Push = { enabled = 0; }; com.apple.Sandbox = { enabled = 0; }; }; };074FFE22626A916E5D070022 = { SystemCapabilities = {com.apple.ApplicationGroups.iOS = { enabled = 0; }; com.apple.InAppPurchase = { enabled = 0; }; com.apple.InterAppAudio = { enabled = 0; }; com.apple.Push = { enabled = 0; }; com.apple.Sandbox = { enabled = 0; }; }; };6E51637F255AB3A3BE377A27 = { SystemCapabilities = {com.apple.ApplicationGroups.iOS = { enabled = 0; }; com.apple.InAppPurchase = { enabled = 0; }; com.apple.InterAppAudio = { enabled = 0; }; com.apple.Push = { enabled = 0; }; com.apple.Sandbox = { enabled = 0; }; }; };2F2F04546680B4DD58DB17BE = { SystemCapabilities = {com.apple.ApplicationGroups.iOS = { enabled = 0; }; com.apple.InAppPurchase = { enabled = 0; }; com.apple.InterAppAudio = { enabled = 0; }; com.apple.Push = { enabled = 0; }; com.apple.Sandbox = { enabled = 1; }; }; };C98FC50E459BFE203A718FB9 = { SystemCapabilities = {com.apple.ApplicationGroups.iOS = { enabled = 0; }; com.apple.InAppPurchase = { enabled = 0; }; com.apple.InterAppAudio = { enabled = 0; }; com.apple.Push = { enabled = 0; }; com.apple.Sandbox = { enabled = 0; }; }; };DDC710B892FDE37A0F19292D = { SystemCapabilities = {com.apple.ApplicationGroups.iOS = { enabled = 0; }; com.apple.InAppPurchase = { enabled = 0; }; com.apple.InterAppAudio = { enabled = 0; }; com.apple.Push = { enabled = 0; }; com.apple.Sandbox = { enabled = 0; }; }; }; }; }; compatibilityVersion = "Xcode 3.2"; hasScannedForEncodings = 0; mainGroup = 2832614ECCD05A7E32AD0AE8; projectDirPath = ""; projectRoot = ""; targets = (FF882317069013018CDCC4B9, 783348B185006D1B6D1CF889, 074FFE22626A916E5D070022, 6E51637F255AB3A3BE377A27, 2F2F04546680B4DD58DB17BE, C98FC50E459BFE203A718FB9, DDC710B892FDE37A0F19292D); };
	};
	rootObject = 15ACA8DC04997A4E478AA331;
}
