Microsoft Visual Studio Solution File, Format Version 11.00
# Visual Studio 2015
Project("{23411925-3D33-FDB5-BEE5-9EC9BA5C4A81}") = "Camomile", "Camomile.vcxproj", "{9AB5403A-2942-9151-4946-07CB19FDC4B9}"
EndProject
Global
	GlobalSection(SolutionConfigurationPlatforms) = preSolution
		Debug|Win32 = Debug|Win32
		Release|Win32 = Release|Win32
	EndGlobalSection
	GlobalSection(ProjectConfigurationPlatforms) = postSolution
		{9AB5403A-2942-9151-4946-07CB19FDC4B9}.Debug|Win32.ActiveCfg = Debug|Win32
		{9AB5403A-2942-9151-4946-07CB19FDC4B9}.Debug|Win32.Build.0 = Debug|Win32
		{9AB5403A-2942-9151-4946-07CB19FDC4B9}.Release|Win32.ActiveCfg = Release|Win32
		{9AB5403A-2942-9151-4946-07CB19FDC4B9}.Release|Win32.Build.0 = Release|Win32
	EndGlobalSection
	GlobalSection(SolutionProperties) = preSolution
		HideSolutionNode = FALSE
	EndGlobalSection
EndGlobal
