// !$*UTF8*$!
{
	archiveVersion = 1;
	classes = {
	};
	objectVersion = 46;
	objects = {

		70015A0364FED3F104D65A5E = {isa = PBXBuildFile; fileRef = DA8E85693D2B1FF0BF889168; };
		DFDB8C5D46962AC249F73203 = {isa = PBXBuildFile; fileRef = FC92B2E6ACE35464C37365C0; };
		C5990281B6687027A76DD404 = {isa = PBXBuildFile; fileRef = F0657FB482A465FFE77070B4; };
		3899860B5857962F2D20E2AC = {isa = PBXBuildFile; fileRef = 708A32A22376B7F496CD7798; };
		E80DDFD87DFAFCCA08F06C8D = {isa = PBXBuildFile; fileRef = 9B1E3A85F79B93B336420138; };
		ECD0C50902AADE2BFBEB2473 = {isa = PBXBuildFile; fileRef = FF8F36AEFDA9E963BDBA6C1C; };
		F0E616AAADE2C8DFABCA8F14 = {isa = PBXBuildFile; fileRef = 5ACCD6343F95DECDF7C87622; };
		5B9DEC2B731165020FA1049D = {isa = PBXBuildFile; fileRef = 20CEA086029F58AA542CBA7F; };
		CAE49CFFD40DA63270862008 = {isa = PBXBuildFile; fileRef = C22689D9A7644931A85906FC; };
		F7AA88D706F73F4C397B30B1 = {isa = PBXBuildFile; fileRef = DE27C1948ACEC6272612D72E; };
		BABB947ED89952F98B386B72 = {isa = PBXBuildFile; fileRef = 15F652904622F97951DD8760; };
		D8C0EB835AB5C8588080ADA8 = {isa = PBXBuildFile; fileRef = 7BF6201286A446C72F198F49; };
		AF098924AEF22D10948AD247 = {isa = PBXBuildFile; fileRef = 4C463ABD44177594470FFE47; };
		1D6A35377B315D4C5DD8988C = {isa = PBXBuildFile; fileRef = 045F064420B996DA482F0524; };
		41FC30E3F431ADCDFD135F4C = {isa = PBXBuildFile; fileRef = ACBF9F7DFC62377D880D402F; };
		8390F31E7B7096D3DA0944D1 = {isa = PBXBuildFile; fileRef = DEBD83515A888D164A72466A; };
		1314F70188DC30A4977CDDD0 = {isa = PBXBuildFile; fileRef = 8126A2FEEEADA13BE0FBBEDC; };
		DEE68861C94E47E61FD2509E = {isa = PBXBuildFile; fileRef = 805A676C71AB9F3E5577CF17; };
		E88F81C2B308098E35BD0017 = {isa = PBXBuildFile; fileRef = 82D0FD9319C3553498D57516; };
		26BECDF9EE053F2C302F1DF8 = {isa = PBXBuildFile; fileRef = E368832EA80F793BEBE9437A; };
		156A054B83F22912F54D2C9E = {isa = PBXBuildFile; fileRef = 69A8A16A9EA73578CFE688D2; };
		C4076150CB9707EDFF204BAD = {isa = PBXBuildFile; fileRef = 9CEB70F3C9C35C876928702F; };
		9BE641EF7F7B9793292183EB = {isa = PBXBuildFile; fileRef = 504F4F3D9FDD1C424A9998CC; };
		ACBC6B84109271332B461DB1 = {isa = PBXBuildFile; fileRef = 273C651DE3EA6D806B7B399A; };
		31FD1D569D4772F4C8DB4180 = {isa = PBXBuildFile; fileRef = 0B397064A3062999F137EDF6; };
		3AB35A9CF6A3BD118A410047 = {isa = PBXBuildFile; fileRef = 51356425CC7A58DF0A025DD7; };
		A8CDBC3C5CC8A094D86DBAA1 = {isa = PBXBuildFile; fileRef = 6380212F0D0D974C62E2F98B; };
		8D33BD014D6E59004D31AC1F = {isa = PBXBuildFile; fileRef = 87BE5B62BB9137FE3F60AB42; };
		E00C2703A94ECB4FA08E46D9 = {isa = PBXBuildFile; fileRef = 6E17FB8D1CCDC21D783C49FF; };
		82654D080B6FF4C40FD1803D = {isa = PBXBuildFile; fileRef = C22DE5AF7B6A29C7A9112D72; };
		C061B029677C9ADEC915A303 = {isa = PBXBuildFile; fileRef = 1C8D0A2A3FF9EADB6329B21E; };
		C65DD835E9242E53EC41F9E9 = {isa = PBXBuildFile; fileRef = 52CBB0D349384ECB027ECD11; };
		9D481E71E6D5BA1AECBF1321 = {isa = PBXBuildFile; fileRef = 7E44A5F25FBEFA12CAD1D962; };
		039EE51D4263DF63325C3576 = {isa = PBXBuildFile; fileRef = 242E1074AEC3C5B8FBB8DCBA; };
		7CFE96703915DBD475593465 = {isa = PBXBuildFile; fileRef = 4FB978F8D88639951CE6A053; };
		BC88DCFC756470440844C307 = {isa = PBXBuildFile; fileRef = 6B99BB4D6775DF94A4FB20A5; };
		9065E1D322A36A64C9E522F7 = {isa = PBXBuildFile; fileRef = DB9450D8AB80292B102FB415; };
		4F4C6967B4423A0EAEC2069B = {isa = PBXBuildFile; fileRef = C569FA045F8C1707E7AFE087; };
		B4DCA5FCBBCECED33E89DDB5 = {isa = PBXBuildFile; fileRef = 72D5F1985E8B5BA3119379E5; };
		6E358DB53769554B6CD4A73E = {isa = PBXBuildFile; fileRef = 5965B54C8FE64E0B2E8261E4; };
		420494E018B11A8291D048FE = {isa = PBXBuildFile; fileRef = 89611252A3291EB09C6158C7; };
		F9496DDB6F78E7B3FD331EE7 = {isa = PBXBuildFile; fileRef = A149C6018105BAE38EF2AF6C; };
		00FA079AE643A3C8AD27A4F7 = {isa = PBXBuildFile; fileRef = EA64AFDA859D1496072A3FD6; };
		991EB65116AF0CA2FCB9A5DD = {isa = PBXBuildFile; fileRef = FB591AAF711361C669FBE4C1; };
		4F486927D375FF92019107A8 = {isa = PBXBuildFile; fileRef = A308B4BEC1B17E67D4E1956F; };
		1ADA1D857E8A7EBFA8CF8C40 = {isa = PBXBuildFile; fileRef = B219B6A29BB57207660F2EAC; };
		3C462535AEC781BB6DFF886A = {isa = PBXBuildFile; fileRef = 8B6383435578689C80D0E2F3; };
		3E4B9ED4A179B297BEE43031 = {isa = PBXBuildFile; fileRef = 1D9A4ACDA31052B18BBFD960; };
		DDD5B4AE5D819D28A70CA13C = {isa = PBXBuildFile; fileRef = 17FA4C48DC38E267781EB40B; };
		6613BA233CA1171E07A5D216 = {isa = PBXBuildFile; fileRef = 8ABE188B6004F74783E608AD; };
		045F064420B996DA482F0524 = {isa = PBXFileReference; lastKnownFileType = wrapper.framework; name = IOKit.framework; path = System/Library/Frameworks/IOKit.framework; sourceTree = SDKROOT; };
		0891B3A3D7DD814F73F423EE = {isa = PBXFileReference; lastKnownFileType = file; name = "juce_audio_utils"; path = "../../../../Juce/modules/juce_audio_utils"; sourceTree = "SOURCE_ROOT"; };
		0B397064A3062999F137EDF6 = {isa = PBXFileReference; lastKnownFileType = sourcecode.cpp.cpp; name = PluginParameter.cpp; path = ../../../../Source/PluginParameter.cpp; sourceTree = "SOURCE_ROOT"; };
		0BA4A88F2681C348389EFA78 = {isa = PBXFileReference; lastKnownFileType = text.plist.xml; name = "Info-VST3.plist"; path = "Info-VST3.plist"; sourceTree = "SOURCE_ROOT"; };
		0C2E8BAF10D1EF1545505436 = {isa = PBXFileReference; lastKnownFileType = sourcecode.c.h; name = PdPatch.hpp; path = ../../../../Source/Pd/PdPatch.hpp; sourceTree = "SOURCE_ROOT"; };
		101CC1AAB0EE1E4DD93A226A = {isa = PBXFileReference; lastKnownFileType = image.png; name = copy1.png; path = ../../../../Ressources/Images/copy1.png; sourceTree = "SOURCE_ROOT"; };
		147CFEFEAE282F91D08626D9 = {isa = PBXFileReference; lastKnownFileType = sourcecode.c.h; name = PdInstance.hpp; path = ../../../../Source/Pd/PdInstance.hpp; sourceTree = "SOURCE_ROOT"; };
		15F652904622F97951DD8760 = {isa = PBXFileReference; lastKnownFileType = wrapper.framework; name = CoreAudioKit.framework; path = System/Library/Frameworks/CoreAudioKit.framework; sourceTree = SDKROOT; };
		17FA4C48DC38E267781EB40B = {isa = PBXFileReference; lastKnownFileType = sourcecode.cpp.objcpp; name = "include_juce_gui_basics.mm"; path = "../../../JuceLibraryCode/include_juce_gui_basics.mm"; sourceTree = "SOURCE_ROOT"; };
		192139C643ED1C574755DED3 = {isa = PBXFileReference; lastKnownFileType = image.png; name = "flower_center.png"; path = "../../../../Ressources/Images/flower_center.png"; sourceTree = "SOURCE_ROOT"; };
		1B281F21BFB3D62457D81612 = {isa = PBXFileReference; lastKnownFileType = file; name = "juce_audio_plugin_client"; path = "../../../../Juce/modules/juce_audio_plugin_client"; sourceTree = "SOURCE_ROOT"; };
		1BFF3C422D15AB773D9191F4 = {isa = PBXFileReference; lastKnownFileType = image.png; name = "flower_petals.png"; path = "../../../../Ressources/Images/flower_petals.png"; sourceTree = "SOURCE_ROOT"; };
		1C8D0A2A3FF9EADB6329B21E = {isa = PBXFileReference; lastKnownFileType = sourcecode.c.c; name = "x_libpd_multi.c"; path = "../../../../Source/Pd/x_libpd_multi.c"; sourceTree = "SOURCE_ROOT"; };
		1CDE97BE4913CD8A16753531 = {isa = PBXFileReference; lastKnownFileType = file.ttf; name = DejaVuSansMono.ttf; path = ../../../../Ressources/Polices/DejaVuSansMono.ttf; sourceTree = "SOURCE_ROOT"; };
		1D9A4ACDA31052B18BBFD960 = {isa = PBXFileReference; lastKnownFileType = sourcecode.cpp.objcpp; name = "include_juce_graphics.mm"; path = "../../../JuceLibraryCode/include_juce_graphics.mm"; sourceTree = "SOURCE_ROOT"; };
		1F03A036CEF78C6F5288C89A = {isa = PBXFileReference; lastKnownFileType = text.plist.xml; name = "Info-AU.plist"; path = "Info-AU.plist"; sourceTree = "SOURCE_ROOT"; };
		1F999DF03975B1760E493105 = {isa = PBXFileReference; lastKnownFileType = sourcecode.c.h; name = PluginEditorObject.hpp; path = ../../../../Source/PluginEditorObject.hpp; sourceTree = "SOURCE_ROOT"; };
		20CEA086029F58AA542CBA7F = {isa = PBXFileReference; lastKnownFileType = wrapper.framework; name = Carbon.framework; path = System/Library/Frameworks/Carbon.framework; sourceTree = SDKROOT; };
		231C3F82A834D6B30471E7E3 = {isa = PBXFileReference; lastKnownFileType = image.png; name = option.png; path = ../../../../Ressources/Images/option.png; sourceTree = "SOURCE_ROOT"; };
		242E1074AEC3C5B8FBB8DCBA = {isa = PBXFileReference; lastKnownFileType = sourcecode.cpp.objcpp; name = "include_juce_audio_devices.mm"; path = "../../../JuceLibraryCode/include_juce_audio_devices.mm"; sourceTree = "SOURCE_ROOT"; };
		273C651DE3EA6D806B7B399A = {isa = PBXFileReference; lastKnownFileType = sourcecode.cpp.cpp; name = PluginEnvironment.cpp; path = ../../../../Source/PluginEnvironment.cpp; sourceTree = "SOURCE_ROOT"; };
		2ED29B9D939A42C4B19CDEB5 = {isa = PBXFileReference; lastKnownFileType = sourcecode.c.h; name = PluginEditorComponents.h; path = ../../../../Source/PluginEditorComponents.h; sourceTree = "SOURCE_ROOT"; };
		35D3D44F6FF9402BF579FDF4 = {isa = PBXFileReference; lastKnownFileType = sourcecode.c.h; name = PluginEditor.h; path = ../../../../Source/PluginEditor.h; sourceTree = "SOURCE_ROOT"; };
		41BE6D1AAEFA149DB5D08DBA = {isa = PBXFileReference; lastKnownFileType = sourcecode.c.h; name = AppConfig.h; path = ../../../JuceLibraryCode/AppConfig.h; sourceTree = "SOURCE_ROOT"; };
		4C463ABD44177594470FFE47 = {isa = PBXFileReference; lastKnownFileType = wrapper.framework; name = DiscRecording.framework; path = System/Library/Frameworks/DiscRecording.framework; sourceTree = SDKROOT; };
		4FB978F8D88639951CE6A053 = {isa = PBXFileReference; lastKnownFileType = sourcecode.cpp.objcpp; name = "include_juce_audio_formats.mm"; path = "../../../JuceLibraryCode/include_juce_audio_formats.mm"; sourceTree = "SOURCE_ROOT"; };
		504F4F3D9FDD1C424A9998CC = {isa = PBXFileReference; lastKnownFileType = sourcecode.cpp.cpp; name = PluginEditorObject.cpp; path = ../../../../Source/PluginEditorObject.cpp; sourceTree = "SOURCE_ROOT"; };
		51356425CC7A58DF0A025DD7 = {isa = PBXFileReference; lastKnownFileType = sourcecode.cpp.cpp; name = PluginParser.cpp; path = ../../../../Source/PluginParser.cpp; sourceTree = "SOURCE_ROOT"; };
		52CBB0D349384ECB027ECD11 = {isa = PBXFileReference; lastKnownFileType = sourcecode.cpp.cpp; name = BinaryData.cpp; path = ../../../JuceLibraryCode/BinaryData.cpp; sourceTree = "SOURCE_ROOT"; };
		5951FB8DD94FD69A9665BB2D = {isa = PBXFileReference; lastKnownFileType = sourcecode.c.h; name = JuceHeader.h; path = ../../../JuceLibraryCode/JuceHeader.h; sourceTree = "SOURCE_ROOT"; };
		5965B54C8FE64E0B2E8261E4 = {isa = PBXFileReference; lastKnownFileType = sourcecode.cpp.objcpp; name = "include_juce_audio_plugin_client_VST_utils.mm"; path = "../../../JuceLibraryCode/include_juce_audio_plugin_client_VST_utils.mm"; sourceTree = "SOURCE_ROOT"; };
		5ACCD6343F95DECDF7C87622 = {isa = PBXFileReference; lastKnownFileType = wrapper.framework; name = AudioUnit.framework; path = System/Library/Frameworks/AudioUnit.framework; sourceTree = SDKROOT; };
		6118576C17EEF62C963B64B5 = {isa = PBXFileReference; lastKnownFileType = sourcecode.c.h; name = PdObject.hpp; path = ../../../../Source/Pd/PdObject.hpp; sourceTree = "SOURCE_ROOT"; };
		62B6FACEBF8A2D74EBCE3261 = {isa = PBXFileReference; lastKnownFileType = file; name = "juce_events"; path = "../../../../Juce/modules/juce_events"; sourceTree = "SOURCE_ROOT"; };
		6380212F0D0D974C62E2F98B = {isa = PBXFileReference; lastKnownFileType = sourcecode.cpp.cpp; name = PluginLookAndFeel.cpp; path = ../../../../Source/PluginLookAndFeel.cpp; sourceTree = "SOURCE_ROOT"; };
		64A46E90D7A18A9213C9D287 = {isa = PBXFileReference; lastKnownFileType = image.png; name = clear1.png; path = ../../../../Ressources/Images/clear1.png; sourceTree = "SOURCE_ROOT"; };
		669B9E028DE2F9A665DF7B20 = {isa = PBXFileReference; lastKnownFileType = image.png; name = copy2.png; path = ../../../../Ressources/Images/copy2.png; sourceTree = "SOURCE_ROOT"; };
		69A8A16A9EA73578CFE688D2 = {isa = PBXFileReference; lastKnownFileType = sourcecode.cpp.cpp; name = PluginEditorConsole.cpp; path = ../../../../Source/PluginEditorConsole.cpp; sourceTree = "SOURCE_ROOT"; };
		6A441E94F88984BB966417E4 = {isa = PBXFileReference; lastKnownFileType = text.plist.xml; name = "Info-VST.plist"; path = "Info-VST.plist"; sourceTree = "SOURCE_ROOT"; };
		6B99BB4D6775DF94A4FB20A5 = {isa = PBXFileReference; lastKnownFileType = file.r; name = "include_juce_audio_plugin_client_AU.r"; path = "../../../JuceLibraryCode/include_juce_audio_plugin_client_AU.r"; sourceTree = "SOURCE_ROOT"; };
		6E17FB8D1CCDC21D783C49FF = {isa = PBXFileReference; lastKnownFileType = sourcecode.cpp.cpp; name = PdObject.cpp; path = ../../../../Source/Pd/PdObject.cpp; sourceTree = "SOURCE_ROOT"; };
		6E361782E2993D1E2ECB08F8 = {isa = PBXFileReference; lastKnownFileType = text.plist.xml; name = Camomile.entitlements; path = Camomile.entitlements; sourceTree = "SOURCE_ROOT"; };
		6FF1D53C745AA6996293C95F = {isa = PBXFileReference; lastKnownFileType = file; name = "juce_gui_basics"; path = "../../../../Juce/modules/juce_gui_basics"; sourceTree = "SOURCE_ROOT"; };
		72D5F1985E8B5BA3119379E5 = {isa = PBXFileReference; lastKnownFileType = sourcecode.cpp.cpp; name = "include_juce_audio_plugin_client_utils.cpp"; path = "../../../JuceLibraryCode/include_juce_audio_plugin_client_utils.cpp"; sourceTree = "SOURCE_ROOT"; };
		7967D09CE842D4687D012883 = {isa = PBXFileReference; lastKnownFileType = file; name = "juce_gui_extra"; path = "../../../../Juce/modules/juce_gui_extra"; sourceTree = "SOURCE_ROOT"; };
		7BF6201286A446C72F198F49 = {isa = PBXFileReference; lastKnownFileType = wrapper.framework; name = CoreMIDI.framework; path = System/Library/Frameworks/CoreMIDI.framework; sourceTree = SDKROOT; };
		7E44A5F25FBEFA12CAD1D962 = {isa = PBXFileReference; lastKnownFileType = sourcecode.cpp.objcpp; name = "include_juce_audio_basics.mm"; path = "../../../JuceLibraryCode/include_juce_audio_basics.mm"; sourceTree = "SOURCE_ROOT"; };
		805A676C71AB9F3E5577CF17 = {isa = PBXFileReference; lastKnownFileType = sourcecode.cpp.cpp; name = PluginProcessor.cpp; path = ../../../../Source/PluginProcessor.cpp; sourceTree = "SOURCE_ROOT"; };
		8126A2FEEEADA13BE0FBBEDC = {isa = PBXFileReference; lastKnownFileType = file.nib; name = RecentFilesMenuTemplate.nib; path = RecentFilesMenuTemplate.nib; sourceTree = "SOURCE_ROOT"; };
		82D0FD9319C3553498D57516 = {isa = PBXFileReference; lastKnownFileType = sourcecode.cpp.cpp; name = PluginEditor.cpp; path = ../../../../Source/PluginEditor.cpp; sourceTree = "SOURCE_ROOT"; };
		84A92076734840460A03DFDB = {isa = PBXFileReference; lastKnownFileType = sourcecode.c.h; name = PluginParameter.h; path = ../../../../Source/PluginParameter.h; sourceTree = "SOURCE_ROOT"; };
		87BE5B62BB9137FE3F60AB42 = {isa = PBXFileReference; lastKnownFileType = sourcecode.cpp.cpp; name = PdInstance.cpp; path = ../../../../Source/Pd/PdInstance.cpp; sourceTree = "SOURCE_ROOT"; };
		89611252A3291EB09C6158C7 = {isa = PBXFileReference; lastKnownFileType = sourcecode.cpp.cpp; name = "include_juce_audio_plugin_client_VST2.cpp"; path = "../../../JuceLibraryCode/include_juce_audio_plugin_client_VST2.cpp"; sourceTree = "SOURCE_ROOT"; };
		8ABE188B6004F74783E608AD = {isa = PBXFileReference; lastKnownFileType = sourcecode.cpp.objcpp; name = "include_juce_gui_extra.mm"; path = "../../../JuceLibraryCode/include_juce_gui_extra.mm"; sourceTree = "SOURCE_ROOT"; };
		8B6383435578689C80D0E2F3 = {isa = PBXFileReference; lastKnownFileType = sourcecode.cpp.objcpp; name = "include_juce_events.mm"; path = "../../../JuceLibraryCode/include_juce_events.mm"; sourceTree = "SOURCE_ROOT"; };
		909A4C205FA9A93EDC7F2DFB = {isa = PBXFileReference; lastKnownFileType = file; name = "juce_graphics"; path = "../../../../Juce/modules/juce_graphics"; sourceTree = "SOURCE_ROOT"; };
		917D6CBF992A4E369CC1E1C8 = {isa = PBXFileReference; lastKnownFileType = image.png; name = clear2.png; path = ../../../../Ressources/Images/clear2.png; sourceTree = "SOURCE_ROOT"; };
		9B1E3A85F79B93B336420138 = {isa = PBXFileReference; lastKnownFileType = wrapper.framework; name = Accelerate.framework; path = System/Library/Frameworks/Accelerate.framework; sourceTree = SDKROOT; };
		9CEB70F3C9C35C876928702F = {isa = PBXFileReference; lastKnownFileType = sourcecode.cpp.cpp; name = PluginEditorInteraction.cpp; path = ../../../../Source/PluginEditorInteraction.cpp; sourceTree = "SOURCE_ROOT"; };
		A149C6018105BAE38EF2AF6C = {isa = PBXFileReference; lastKnownFileType = sourcecode.cpp.cpp; name = "include_juce_audio_plugin_client_VST3.cpp"; path = "../../../JuceLibraryCode/include_juce_audio_plugin_client_VST3.cpp"; sourceTree = "SOURCE_ROOT"; };
		A308B4BEC1B17E67D4E1956F = {isa = PBXFileReference; lastKnownFileType = sourcecode.cpp.objcpp; name = "include_juce_core.mm"; path = "../../../JuceLibraryCode/include_juce_core.mm"; sourceTree = "SOURCE_ROOT"; };
		A9CEA5E28BB0A1F6562E3317 = {isa = PBXFileReference; lastKnownFileType = file; name = "juce_audio_formats"; path = "../../../../Juce/modules/juce_audio_formats"; sourceTree = "SOURCE_ROOT"; };
		AB45156A53A9DE0AA4DD4EFC = {isa = PBXFileReference; lastKnownFileType = file; name = "juce_audio_basics"; path = "../../../../Juce/modules/juce_audio_basics"; sourceTree = "SOURCE_ROOT"; };
		ABDD5136F931F6790F1D5B66 = {isa = PBXFileReference; lastKnownFileType = file; name = "juce_audio_devices"; path = "../../../../Juce/modules/juce_audio_devices"; sourceTree = "SOURCE_ROOT"; };
		ACBF9F7DFC62377D880D402F = {isa = PBXFileReference; lastKnownFileType = wrapper.framework; name = QuartzCore.framework; path = System/Library/Frameworks/QuartzCore.framework; sourceTree = SDKROOT; };
		B219B6A29BB57207660F2EAC = {isa = PBXFileReference; lastKnownFileType = sourcecode.cpp.objcpp; name = "include_juce_data_structures.mm"; path = "../../../JuceLibraryCode/include_juce_data_structures.mm"; sourceTree = "SOURCE_ROOT"; };
		B9BCAF7926931B2C2D21643E = {isa = PBXFileReference; lastKnownFileType = sourcecode.c.h; name = "x_libpd_multi.h"; path = "../../../../Source/Pd/x_libpd_multi.h"; sourceTree = "SOURCE_ROOT"; };
		C0F7815C0B95A26D0787B51E = {isa = PBXFileReference; lastKnownFileType = sourcecode.c.h; name = BinaryData.h; path = ../../../JuceLibraryCode/BinaryData.h; sourceTree = "SOURCE_ROOT"; };
		C22689D9A7644931A85906FC = {isa = PBXFileReference; lastKnownFileType = wrapper.framework; name = Cocoa.framework; path = System/Library/Frameworks/Cocoa.framework; sourceTree = SDKROOT; };
		C22DE5AF7B6A29C7A9112D72 = {isa = PBXFileReference; lastKnownFileType = sourcecode.cpp.cpp; name = PdPatch.cpp; path = ../../../../Source/Pd/PdPatch.cpp; sourceTree = "SOURCE_ROOT"; };
		C48215B8DFE22D87FCAF8CE6 = {isa = PBXFileReference; lastKnownFileType = sourcecode.c.h; name = PluginParser.h; path = ../../../../Source/PluginParser.h; sourceTree = "SOURCE_ROOT"; };
		C569FA045F8C1707E7AFE087 = {isa = PBXFileReference; lastKnownFileType = sourcecode.cpp.objcpp; name = "include_juce_audio_plugin_client_AU_2.mm"; path = "../../../JuceLibraryCode/include_juce_audio_plugin_client_AU_2.mm"; sourceTree = "SOURCE_ROOT"; };
		C813B5D482F3300E54D11FDA = {isa = PBXFileReference; lastKnownFileType = sourcecode.c.h; name = PluginEditorInteraction.h; path = ../../../../Source/PluginEditorInteraction.h; sourceTree = "SOURCE_ROOT"; };
		CCC7FE49F9481497FEB16F2D = {isa = PBXFileReference; lastKnownFileType = sourcecode.c.h; name = PluginEnvironment.h; path = ../../../../Source/PluginEnvironment.h; sourceTree = "SOURCE_ROOT"; };
		D0B3FF8F7B14ABD76DD5823D = {isa = PBXFileReference; lastKnownFileType = sourcecode.c.h; name = PluginProcessor.h; path = ../../../../Source/PluginProcessor.h; sourceTree = "SOURCE_ROOT"; };
		DA1AAC55BC2933798B8898E6 = {isa = PBXFileReference; lastKnownFileType = file; name = "juce_core"; path = "../../../../Juce/modules/juce_core"; sourceTree = "SOURCE_ROOT"; };
		DA8E85693D2B1FF0BF889168 = {isa = PBXFileReference; explicitFileType = wrapper.cfbundle; includeInIndex = 0; path = Camomile.vst; sourceTree = "BUILT_PRODUCTS_DIR"; };
		DB9450D8AB80292B102FB415 = {isa = PBXFileReference; lastKnownFileType = sourcecode.cpp.objcpp; name = "include_juce_audio_plugin_client_AU_1.mm"; path = "../../../JuceLibraryCode/include_juce_audio_plugin_client_AU_1.mm"; sourceTree = "SOURCE_ROOT"; };
		DD5B0306B996A7925B623EB2 = {isa = PBXFileReference; lastKnownFileType = file; name = "juce_audio_processors"; path = "../../../../Juce/modules/juce_audio_processors"; sourceTree = "SOURCE_ROOT"; };
		DE27C1948ACEC6272612D72E = {isa = PBXFileReference; lastKnownFileType = wrapper.framework; name = CoreAudio.framework; path = System/Library/Frameworks/CoreAudio.framework; sourceTree = SDKROOT; };
		DE6995B79367E33670C9636B = {isa = PBXFileReference; lastKnownFileType = sourcecode.c.h; name = PluginEditorConsole.hpp; path = ../../../../Source/PluginEditorConsole.hpp; sourceTree = "SOURCE_ROOT"; };
		DEBD83515A888D164A72466A = {isa = PBXFileReference; lastKnownFileType = wrapper.framework; name = WebKit.framework; path = System/Library/Frameworks/WebKit.framework; sourceTree = SDKROOT; };
		E368832EA80F793BEBE9437A = {isa = PBXFileReference; lastKnownFileType = sourcecode.cpp.cpp; name = PluginEditorComponents.cpp; path = ../../../../Source/PluginEditorComponents.cpp; sourceTree = "SOURCE_ROOT"; };
		EFDEC01C65BDD0A2890410E8 = {isa = PBXFileReference; lastKnownFileType = file; name = CreditsVST; path = ../../../../Ressources/Credits/CreditsVST; sourceTree = "SOURCE_ROOT"; };
		FC92B2E6ACE35464C37365C0 = {isa = PBXFileReference; explicitFileType = wrapper.cfbundle; includeInIndex = 0; path = Camomile.vst3; sourceTree = "BUILT_PRODUCTS_DIR"; };
		F0657FB482A465FFE77070B4 = {isa = PBXFileReference; explicitFileType = wrapper.cfbundle; includeInIndex = 0; path = Camomile.component; sourceTree = "BUILT_PRODUCTS_DIR"; };
		708A32A22376B7F496CD7798 = {isa = PBXFileReference; explicitFileType = archive.ar; includeInIndex = 0; path = libCamomile.a; sourceTree = "BUILT_PRODUCTS_DIR"; };
		E9F0B5995A11827E3E3EAD17 = {isa = PBXFileReference; lastKnownFileType = file; name = "juce_data_structures"; path = "../../../../Juce/modules/juce_data_structures"; sourceTree = "SOURCE_ROOT"; };
		EA64AFDA859D1496072A3FD6 = {isa = PBXFileReference; lastKnownFileType = sourcecode.cpp.objcpp; name = "include_juce_audio_processors.mm"; path = "../../../JuceLibraryCode/include_juce_audio_processors.mm"; sourceTree = "SOURCE_ROOT"; };
		F476BB5ECC680421819E3C33 = {isa = PBXFileReference; lastKnownFileType = sourcecode.c.h; name = PluginLookAndFeel.hpp; path = ../../../../Source/PluginLookAndFeel.hpp; sourceTree = "SOURCE_ROOT"; };
		FB591AAF711361C669FBE4C1 = {isa = PBXFileReference; lastKnownFileType = sourcecode.cpp.objcpp; name = "include_juce_audio_utils.mm"; path = "../../../JuceLibraryCode/include_juce_audio_utils.mm"; sourceTree = "SOURCE_ROOT"; };
		FB7A419ECDDC04C3D2CF9CD5 = {isa = PBXFileReference; lastKnownFileType = sourcecode.c.h; name = PluginConsole.h; path = ../../../../Source/PluginConsole.h; sourceTree = "SOURCE_ROOT"; };
		FCEFBA8F943A22EE711082D2 = {isa = PBXFileReference; lastKnownFileType = file; name = CreditsAU; path = ../../../../Ressources/Credits/CreditsAU; sourceTree = "SOURCE_ROOT"; };
		FF8F36AEFDA9E963BDBA6C1C = {isa = PBXFileReference; lastKnownFileType = wrapper.framework; name = AudioToolbox.framework; path = System/Library/Frameworks/AudioToolbox.framework; sourceTree = SDKROOT; };
		0CAD382A752A9E300C30E94E = {isa = PBXGroup; children = (
					87BE5B62BB9137FE3F60AB42,
					147CFEFEAE282F91D08626D9,
					6E17FB8D1CCDC21D783C49FF,
					6118576C17EEF62C963B64B5,
					C22DE5AF7B6A29C7A9112D72,
					0C2E8BAF10D1EF1545505436,
					1C8D0A2A3FF9EADB6329B21E,
					B9BCAF7926931B2C2D21643E, ); name = Pd; sourceTree = "<group>"; };
		500098BCBE6DFB8790ADB5E7 = {isa = PBXGroup; children = (
					805A676C71AB9F3E5577CF17,
					D0B3FF8F7B14ABD76DD5823D,
					FB7A419ECDDC04C3D2CF9CD5,
					82D0FD9319C3553498D57516,
					35D3D44F6FF9402BF579FDF4,
					E368832EA80F793BEBE9437A,
					2ED29B9D939A42C4B19CDEB5,
					69A8A16A9EA73578CFE688D2,
					DE6995B79367E33670C9636B,
					9CEB70F3C9C35C876928702F,
					C813B5D482F3300E54D11FDA,
					504F4F3D9FDD1C424A9998CC,
					1F999DF03975B1760E493105,
					273C651DE3EA6D806B7B399A,
					CCC7FE49F9481497FEB16F2D,
					0B397064A3062999F137EDF6,
					84A92076734840460A03DFDB,
					51356425CC7A58DF0A025DD7,
					C48215B8DFE22D87FCAF8CE6,
					6380212F0D0D974C62E2F98B,
					F476BB5ECC680421819E3C33,
					0CAD382A752A9E300C30E94E, ); name = Source; sourceTree = "<group>"; };
		09B6F5A65F1ED9D628312F07 = {isa = PBXGroup; children = (
					FCEFBA8F943A22EE711082D2,
					EFDEC01C65BDD0A2890410E8, ); name = Credits; sourceTree = "<group>"; };
		F4EF883EF36207C50C5CEE98 = {isa = PBXGroup; children = (
					64A46E90D7A18A9213C9D287,
					917D6CBF992A4E369CC1E1C8,
					101CC1AAB0EE1E4DD93A226A,
					669B9E028DE2F9A665DF7B20,
					192139C643ED1C574755DED3,
					1BFF3C422D15AB773D9191F4,
					231C3F82A834D6B30471E7E3, ); name = Images; sourceTree = "<group>"; };
		4C431F0B0996381F2241E2A8 = {isa = PBXGroup; children = (
					1CDE97BE4913CD8A16753531, ); name = Polices; sourceTree = "<group>"; };
		8CCC4A823EBBBC964569EE98 = {isa = PBXGroup; children = (
					09B6F5A65F1ED9D628312F07,
					F4EF883EF36207C50C5CEE98,
					4C431F0B0996381F2241E2A8, ); name = Ressources; sourceTree = "<group>"; };
		6A2E49F82A1C2A08D38A666E = {isa = PBXGroup; children = (
					500098BCBE6DFB8790ADB5E7,
					8CCC4A823EBBBC964569EE98, ); name = Camomile; sourceTree = "<group>"; };
		A7A85AE8734DA0FAC453D456 = {isa = PBXGroup; children = (
					AB45156A53A9DE0AA4DD4EFC,
					ABDD5136F931F6790F1D5B66,
					A9CEA5E28BB0A1F6562E3317,
					1B281F21BFB3D62457D81612,
					DD5B0306B996A7925B623EB2,
					0891B3A3D7DD814F73F423EE,
					DA1AAC55BC2933798B8898E6,
					E9F0B5995A11827E3E3EAD17,
					62B6FACEBF8A2D74EBCE3261,
					909A4C205FA9A93EDC7F2DFB,
					6FF1D53C745AA6996293C95F,
					7967D09CE842D4687D012883, ); name = "JUCE Modules"; sourceTree = "<group>"; };
		C3A8EAF3BC524C1732835CB4 = {isa = PBXGroup; children = (
					41BE6D1AAEFA149DB5D08DBA,
					52CBB0D349384ECB027ECD11,
					C0F7815C0B95A26D0787B51E,
					7E44A5F25FBEFA12CAD1D962,
					242E1074AEC3C5B8FBB8DCBA,
					4FB978F8D88639951CE6A053,
					6B99BB4D6775DF94A4FB20A5,
					DB9450D8AB80292B102FB415,
					C569FA045F8C1707E7AFE087,
					72D5F1985E8B5BA3119379E5,
					5965B54C8FE64E0B2E8261E4,
					89611252A3291EB09C6158C7,
					A149C6018105BAE38EF2AF6C,
					EA64AFDA859D1496072A3FD6,
					FB591AAF711361C669FBE4C1,
					A308B4BEC1B17E67D4E1956F,
					B219B6A29BB57207660F2EAC,
					8B6383435578689C80D0E2F3,
					1D9A4ACDA31052B18BBFD960,
					17FA4C48DC38E267781EB40B,
					8ABE188B6004F74783E608AD,
					5951FB8DD94FD69A9665BB2D, ); name = "JUCE Library Code"; sourceTree = "<group>"; };
		E5D454A3D241BE5FFE99C1DD = {isa = PBXGroup; children = (
					6A441E94F88984BB966417E4,
					0BA4A88F2681C348389EFA78,
					1F03A036CEF78C6F5288C89A,
					8126A2FEEEADA13BE0FBBEDC, ); name = Resources; sourceTree = "<group>"; };
		99493604C4BE8FFEE01173C3 = {isa = PBXGroup; children = (
					9B1E3A85F79B93B336420138,
					FF8F36AEFDA9E963BDBA6C1C,
					5ACCD6343F95DECDF7C87622,
					20CEA086029F58AA542CBA7F,
					C22689D9A7644931A85906FC,
					DE27C1948ACEC6272612D72E,
					15F652904622F97951DD8760,
					7BF6201286A446C72F198F49,
					4C463ABD44177594470FFE47,
					045F064420B996DA482F0524,
					ACBF9F7DFC62377D880D402F,
					DEBD83515A888D164A72466A, ); name = Frameworks; sourceTree = "<group>"; };
		E0811CE76297EA217932344A = {isa = PBXGroup; children = (
					DA8E85693D2B1FF0BF889168,
					FC92B2E6ACE35464C37365C0,
					F0657FB482A465FFE77070B4,
					708A32A22376B7F496CD7798, ); name = Products; sourceTree = "<group>"; };
		2832614ECCD05A7E32AD0AE8 = {isa = PBXGroup; children = (
					6E361782E2993D1E2ECB08F8,
					6A2E49F82A1C2A08D38A666E,
					A7A85AE8734DA0FAC453D456,
					C3A8EAF3BC524C1732835CB4,
					E5D454A3D241BE5FFE99C1DD,
					99493604C4BE8FFEE01173C3,
					E0811CE76297EA217932344A, ); name = Source; sourceTree = "<group>"; };
		2CBA2B2FAC7856B12F32D615 = {isa = XCBuildConfiguration; buildSettings = {
				MACOSX_DEPLOYMENT_TARGET = 10.9; }; name = Debug; };
		14448DF110F90A9D18FB6432 = {isa = XCBuildConfiguration; buildSettings = {
				MACOSX_DEPLOYMENT_TARGET = 10.9; }; name = Release; };
		38E777C9643692C810B1C8FB = {isa = XCBuildConfiguration; buildSettings = {
				ARCHS = "$(ARCHS_STANDARD_32_64_BIT)";
				CLANG_CXX_LANGUAGE_STANDARD = "c++11";
				CLANG_LINK_OBJC_RUNTIME = NO;
				COMBINE_HIDPI_IMAGES = YES;
				CONFIGURATION_BUILD_DIR = ../../../../Plugins;
				COPY_PHASE_STRIP = NO;
				GCC_DYNAMIC_NO_PIC = NO;
				GCC_OPTIMIZATION_LEVEL = 0;
				GCC_PREPROCESSOR_DEFINITIONS = (
					"_DEBUG=1",
					"DEBUG=1",
					"HAVE_UNISTD_H=1",
					"JUCER_XCODE_MAC_CB61CB6D=1",
					"JUCE_APP_VERSION=1.0.3",
					"JUCE_APP_VERSION_HEX=0x10003",
					"JucePlugin_Build_VST=1",
					"JucePlugin_Build_VST3=0",
					"JucePlugin_Build_AU=0",
					"JucePlugin_Build_AUv3=0",
					"JucePlugin_Build_RTAS=0",
					"JucePlugin_Build_AAX=0",
					"JucePlugin_Build_Standalone=0", );
				GCC_VERSION = com.apple.compilers.llvm.clang.1_0;
				GENERATE_PKGINFO_FILE = YES;
				HEADER_SEARCH_PATHS = ("../../../../VST", "../../../JuceLibraryCode", "../../../../Juce/modules", "../../../libpd/pure-data/src", "../../../libpd/libpd_wrapper", "../../../libpd/libpd_wrapper/util", "../../../libpd/cpp", "../../../../Juce/modules/juce_audio_plugin_client", "$(inherited)");
				INFOPLIST_FILE = Info-VST.plist;
				INFOPLIST_PREPROCESS = NO;
				LIBRARY_SEARCH_PATHS = ("$(inherited)", "\"../../../libpd/libs\"");
				LIBRARY_STYLE = Bundle;
				MACOSX_DEPLOYMENT_TARGET = 10.9;
				MACOSX_DEPLOYMENT_TARGET_ppc = 10.4;
				OTHER_LDFLAGS = "-bundle -lCamomile -lpd-osx-multi";
				PRODUCT_BUNDLE_IDENTIFIER = com.pierreguillot.camomile;
				SDKROOT_ppc = macosx10.5;
				USE_HEADERMAP = NO;
				WRAPPER_EXTENSION = vst; }; name = Debug; };
		E1C833C24642DDE132DDB289 = {isa = XCBuildConfiguration; buildSettings = {
				ARCHS = "$(ARCHS_STANDARD_32_64_BIT)";
				CLANG_CXX_LANGUAGE_STANDARD = "c++11";
				CLANG_LINK_OBJC_RUNTIME = NO;
				COMBINE_HIDPI_IMAGES = YES;
				CONFIGURATION_BUILD_DIR = ../../../../Plugins;
				DEAD_CODE_STRIPPING = YES;
				GCC_GENERATE_DEBUGGING_SYMBOLS = NO;
				GCC_OPTIMIZATION_LEVEL = 3;
				GCC_PREPROCESSOR_DEFINITIONS = (
					"_NDEBUG=1",
					"NDEBUG=1",
					"HAVE_UNISTD_H=1",
					"JUCER_XCODE_MAC_CB61CB6D=1",
					"JUCE_APP_VERSION=1.0.3",
					"JUCE_APP_VERSION_HEX=0x10003",
					"JucePlugin_Build_VST=1",
					"JucePlugin_Build_VST3=0",
					"JucePlugin_Build_AU=0",
					"JucePlugin_Build_AUv3=0",
					"JucePlugin_Build_RTAS=0",
					"JucePlugin_Build_AAX=0",
					"JucePlugin_Build_Standalone=0", );
				GCC_SYMBOLS_PRIVATE_EXTERN = YES;
				GCC_VERSION = com.apple.compilers.llvm.clang.1_0;
				GENERATE_PKGINFO_FILE = YES;
				HEADER_SEARCH_PATHS = ("../../../../VST", "../../../JuceLibraryCode", "../../../../Juce/modules", "../../../libpd/pure-data/src", "../../../libpd/libpd_wrapper", "../../../libpd/libpd_wrapper/util", "../../../libpd/cpp", "../../../../Juce/modules/juce_audio_plugin_client", "$(inherited)");
				INFOPLIST_FILE = Info-VST.plist;
				INFOPLIST_PREPROCESS = NO;
				LIBRARY_SEARCH_PATHS = ("$(inherited)", "\"../../../libpd/libs\"");
				LIBRARY_STYLE = Bundle;
				LLVM_LTO = YES;
				MACOSX_DEPLOYMENT_TARGET = 10.9;
				MACOSX_DEPLOYMENT_TARGET_ppc = 10.4;
				OTHER_LDFLAGS = "-bundle -lCamomile -lpd-osx-multi";
				PRODUCT_BUNDLE_IDENTIFIER = com.pierreguillot.camomile;
				SDKROOT_ppc = macosx10.5;
				USE_HEADERMAP = NO;
				WRAPPER_EXTENSION = vst; }; name = Release; };
		A07CC61ED7A2AA1C006DE2BF = {isa = XCBuildConfiguration; buildSettings = {
				ARCHS = "$(ARCHS_STANDARD_32_64_BIT)";
				CLANG_CXX_LANGUAGE_STANDARD = "c++11";
				CLANG_LINK_OBJC_RUNTIME = NO;
				COMBINE_HIDPI_IMAGES = YES;
				CONFIGURATION_BUILD_DIR = ../../../../Plugins;
				COPY_PHASE_STRIP = NO;
				GCC_DYNAMIC_NO_PIC = NO;
				GCC_OPTIMIZATION_LEVEL = 0;
				GCC_PREPROCESSOR_DEFINITIONS = (
					"_DEBUG=1",
					"DEBUG=1",
					"HAVE_UNISTD_H=1",
					"JUCER_XCODE_MAC_CB61CB6D=1",
					"JUCE_APP_VERSION=1.0.3",
					"JUCE_APP_VERSION_HEX=0x10003",
					"JucePlugin_Build_VST=0",
					"JucePlugin_Build_VST3=1",
					"JucePlugin_Build_AU=0",
					"JucePlugin_Build_AUv3=0",
					"JucePlugin_Build_RTAS=0",
					"JucePlugin_Build_AAX=0",
					"JucePlugin_Build_Standalone=0", );
				GCC_VERSION = com.apple.compilers.llvm.clang.1_0;
				GENERATE_PKGINFO_FILE = YES;
				HEADER_SEARCH_PATHS = ("../../../../VST", "../../../JuceLibraryCode", "../../../../Juce/modules", "../../../libpd/pure-data/src", "../../../libpd/libpd_wrapper", "../../../libpd/libpd_wrapper/util", "../../../libpd/cpp", "../../../../Juce/modules/juce_audio_plugin_client", "$(inherited)");
				INFOPLIST_FILE = Info-VST3.plist;
				INFOPLIST_PREPROCESS = NO;
				LIBRARY_SEARCH_PATHS = ("$(inherited)", "\"../../../libpd/libs\"");
				LIBRARY_STYLE = Bundle;
				MACOSX_DEPLOYMENT_TARGET = 10.9;
				MACOSX_DEPLOYMENT_TARGET_ppc = 10.4;
				OTHER_LDFLAGS = "-bundle -lCamomile -lpd-osx-multi";
				PRODUCT_BUNDLE_IDENTIFIER = com.pierreguillot.camomile;
				SDKROOT_ppc = macosx10.5;
				USE_HEADERMAP = NO;
				WRAPPER_EXTENSION = vst3; }; name = Debug; };
		666BA72AE4BA4C73FB897C57 = {isa = XCBuildConfiguration; buildSettings = {
				ARCHS = "$(ARCHS_STANDARD_32_64_BIT)";
				CLANG_CXX_LANGUAGE_STANDARD = "c++11";
				CLANG_LINK_OBJC_RUNTIME = NO;
				COMBINE_HIDPI_IMAGES = YES;
				CONFIGURATION_BUILD_DIR = ../../../../Plugins;
				DEAD_CODE_STRIPPING = YES;
				GCC_GENERATE_DEBUGGING_SYMBOLS = NO;
				GCC_OPTIMIZATION_LEVEL = 3;
				GCC_PREPROCESSOR_DEFINITIONS = (
					"_NDEBUG=1",
					"NDEBUG=1",
					"HAVE_UNISTD_H=1",
					"JUCER_XCODE_MAC_CB61CB6D=1",
					"JUCE_APP_VERSION=1.0.3",
					"JUCE_APP_VERSION_HEX=0x10003",
					"JucePlugin_Build_VST=0",
					"JucePlugin_Build_VST3=1",
					"JucePlugin_Build_AU=0",
					"JucePlugin_Build_AUv3=0",
					"JucePlugin_Build_RTAS=0",
					"JucePlugin_Build_AAX=0",
					"JucePlugin_Build_Standalone=0", );
				GCC_SYMBOLS_PRIVATE_EXTERN = YES;
				GCC_VERSION = com.apple.compilers.llvm.clang.1_0;
				GENERATE_PKGINFO_FILE = YES;
				HEADER_SEARCH_PATHS = ("../../../../VST", "../../../JuceLibraryCode", "../../../../Juce/modules", "../../../libpd/pure-data/src", "../../../libpd/libpd_wrapper", "../../../libpd/libpd_wrapper/util", "../../../libpd/cpp", "../../../../Juce/modules/juce_audio_plugin_client", "$(inherited)");
				INFOPLIST_FILE = Info-VST3.plist;
				INFOPLIST_PREPROCESS = NO;
				LIBRARY_SEARCH_PATHS = ("$(inherited)", "\"../../../libpd/libs\"");
				LIBRARY_STYLE = Bundle;
				LLVM_LTO = YES;
				MACOSX_DEPLOYMENT_TARGET = 10.9;
				MACOSX_DEPLOYMENT_TARGET_ppc = 10.4;
				OTHER_LDFLAGS = "-bundle -lCamomile -lpd-osx-multi";
				PRODUCT_BUNDLE_IDENTIFIER = com.pierreguillot.camomile;
				SDKROOT_ppc = macosx10.5;
				USE_HEADERMAP = NO;
				WRAPPER_EXTENSION = vst3; }; name = Release; };
		3ADE7EA06C7024AA54568943 = {isa = XCBuildConfiguration; buildSettings = {
				ARCHS = "$(ARCHS_STANDARD_32_64_BIT)";
				CLANG_CXX_LANGUAGE_STANDARD = "c++11";
				CLANG_LINK_OBJC_RUNTIME = NO;
				COMBINE_HIDPI_IMAGES = YES;
				CONFIGURATION_BUILD_DIR = ../../../../Plugins;
				COPY_PHASE_STRIP = NO;
				GCC_DYNAMIC_NO_PIC = NO;
				GCC_OPTIMIZATION_LEVEL = 0;
				GCC_PREPROCESSOR_DEFINITIONS = (
					"_DEBUG=1",
					"DEBUG=1",
					"HAVE_UNISTD_H=1",
					"JUCER_XCODE_MAC_CB61CB6D=1",
					"JUCE_APP_VERSION=1.0.3",
					"JUCE_APP_VERSION_HEX=0x10003",
					"JucePlugin_Build_VST=0",
					"JucePlugin_Build_VST3=0",
					"JucePlugin_Build_AU=1",
					"JucePlugin_Build_AUv3=0",
					"JucePlugin_Build_RTAS=0",
					"JucePlugin_Build_AAX=0",
					"JucePlugin_Build_Standalone=0", );
				GCC_VERSION = com.apple.compilers.llvm.clang.1_0;
				GENERATE_PKGINFO_FILE = YES;
				HEADER_SEARCH_PATHS = ("../../../../VST", "../../../JuceLibraryCode", "../../../../Juce/modules", "../../../libpd/pure-data/src", "../../../libpd/libpd_wrapper", "../../../libpd/libpd_wrapper/util", "../../../libpd/cpp", "../../../../Juce/modules/juce_audio_plugin_client", "$(inherited)");
				INFOPLIST_FILE = Info-AU.plist;
				INFOPLIST_PREPROCESS = NO;
				LIBRARY_SEARCH_PATHS = ("$(inherited)", "\"../../../libpd/libs\"");
				LIBRARY_STYLE = Bundle;
				MACOSX_DEPLOYMENT_TARGET = 10.9;
				MACOSX_DEPLOYMENT_TARGET_ppc = 10.4;
				OTHER_LDFLAGS = "-bundle -lCamomile -lpd-osx-multi";
				OTHER_REZFLAGS = "-d ppc_$ppc -d i386_$i386 -d ppc64_$ppc64 -d x86_64_$x86_64 -I /System/Library/Frameworks/CoreServices.framework/Frameworks/CarbonCore.framework/Versions/A/Headers -I \"$(DEVELOPER_DIR)/Extras/CoreAudio/AudioUnits/AUPublic/AUBase\"";
				PRODUCT_BUNDLE_IDENTIFIER = com.pierreguillot.camomile;
				SDKROOT_ppc = macosx10.5;
				USE_HEADERMAP = NO;
				WRAPPER_EXTENSION = component; }; name = Debug; };
		4EC083C8D642847866BA9DC3 = {isa = XCBuildConfiguration; buildSettings = {
				ARCHS = "$(ARCHS_STANDARD_32_64_BIT)";
				CLANG_CXX_LANGUAGE_STANDARD = "c++11";
				CLANG_LINK_OBJC_RUNTIME = NO;
				COMBINE_HIDPI_IMAGES = YES;
				CONFIGURATION_BUILD_DIR = ../../../../Plugins;
				DEAD_CODE_STRIPPING = YES;
				GCC_GENERATE_DEBUGGING_SYMBOLS = NO;
				GCC_OPTIMIZATION_LEVEL = 3;
				GCC_PREPROCESSOR_DEFINITIONS = (
					"_NDEBUG=1",
					"NDEBUG=1",
					"HAVE_UNISTD_H=1",
					"JUCER_XCODE_MAC_CB61CB6D=1",
					"JUCE_APP_VERSION=1.0.3",
					"JUCE_APP_VERSION_HEX=0x10003",
					"JucePlugin_Build_VST=0",
					"JucePlugin_Build_VST3=0",
					"JucePlugin_Build_AU=1",
					"JucePlugin_Build_AUv3=0",
					"JucePlugin_Build_RTAS=0",
					"JucePlugin_Build_AAX=0",
					"JucePlugin_Build_Standalone=0", );
				GCC_SYMBOLS_PRIVATE_EXTERN = YES;
				GCC_VERSION = com.apple.compilers.llvm.clang.1_0;
				GENERATE_PKGINFO_FILE = YES;
				HEADER_SEARCH_PATHS = ("../../../../VST", "../../../JuceLibraryCode", "../../../../Juce/modules", "../../../libpd/pure-data/src", "../../../libpd/libpd_wrapper", "../../../libpd/libpd_wrapper/util", "../../../libpd/cpp", "../../../../Juce/modules/juce_audio_plugin_client", "$(inherited)");
				INFOPLIST_FILE = Info-AU.plist;
				INFOPLIST_PREPROCESS = NO;
				LIBRARY_SEARCH_PATHS = ("$(inherited)", "\"../../../libpd/libs\"");
				LIBRARY_STYLE = Bundle;
				LLVM_LTO = YES;
				MACOSX_DEPLOYMENT_TARGET = 10.9;
				MACOSX_DEPLOYMENT_TARGET_ppc = 10.4;
				OTHER_LDFLAGS = "-bundle -lCamomile -lpd-osx-multi";
				OTHER_REZFLAGS = "-d ppc_$ppc -d i386_$i386 -d ppc64_$ppc64 -d x86_64_$x86_64 -I /System/Library/Frameworks/CoreServices.framework/Frameworks/CarbonCore.framework/Versions/A/Headers -I \"$(DEVELOPER_DIR)/Extras/CoreAudio/AudioUnits/AUPublic/AUBase\"";
				PRODUCT_BUNDLE_IDENTIFIER = com.pierreguillot.camomile;
				SDKROOT_ppc = macosx10.5;
				USE_HEADERMAP = NO;
				WRAPPER_EXTENSION = component; }; name = Release; };
		9ABADE3B86E7D606F573631A = {isa = XCBuildConfiguration; buildSettings = {
				ARCHS = "$(ARCHS_STANDARD_32_64_BIT)";
				CLANG_CXX_LANGUAGE_STANDARD = "c++11";
				CLANG_LINK_OBJC_RUNTIME = NO;
				COMBINE_HIDPI_IMAGES = YES;
				CONFIGURATION_BUILD_DIR = ../../../../Plugins;
				COPY_PHASE_STRIP = NO;
				GCC_DYNAMIC_NO_PIC = NO;
				GCC_OPTIMIZATION_LEVEL = 0;
				GCC_PREPROCESSOR_DEFINITIONS = (
					"_DEBUG=1",
					"DEBUG=1",
					"HAVE_UNISTD_H=1",
					"JUCER_XCODE_MAC_CB61CB6D=1",
					"JUCE_APP_VERSION=1.0.3",
					"JUCE_APP_VERSION_HEX=0x10003",
					"JucePlugin_Build_VST=1",
					"JucePlugin_Build_VST3=1",
					"JucePlugin_Build_AU=1",
					"JucePlugin_Build_AUv3=0",
					"JucePlugin_Build_RTAS=0",
					"JucePlugin_Build_AAX=0",
					"JucePlugin_Build_Standalone=0",
					"JUCE_SHARED_CODE=1", );
				GCC_VERSION = com.apple.compilers.llvm.clang.1_0;
				HEADER_SEARCH_PATHS = ("../../../../VST", "../../../JuceLibraryCode", "../../../../Juce/modules", "../../../libpd/pure-data/src", "../../../libpd/libpd_wrapper", "../../../libpd/libpd_wrapper/util", "../../../libpd/cpp", "../../../../Juce/modules/juce_audio_plugin_client", "$(inherited)");
				INSTALL_PATH = "@executable_path/../Frameworks";
				LIBRARY_SEARCH_PATHS = ("$(inherited)", "\"../../../libpd/libs\"");
				MACOSX_DEPLOYMENT_TARGET = 10.9;
				MACOSX_DEPLOYMENT_TARGET_ppc = 10.4;
				OTHER_LDFLAGS = "-lpd-osx-multi";
				PRODUCT_BUNDLE_IDENTIFIER = com.pierreguillot.camomile;
				SDKROOT_ppc = macosx10.5;
				USE_HEADERMAP = NO; }; name = Debug; };
		4562E92E467DB3A22C5AAF79 = {isa = XCBuildConfiguration; buildSettings = {
				ARCHS = "$(ARCHS_STANDARD_32_64_BIT)";
				CLANG_CXX_LANGUAGE_STANDARD = "c++11";
				CLANG_LINK_OBJC_RUNTIME = NO;
				COMBINE_HIDPI_IMAGES = YES;
				CONFIGURATION_BUILD_DIR = ../../../../Plugins;
				DEAD_CODE_STRIPPING = YES;
				GCC_GENERATE_DEBUGGING_SYMBOLS = NO;
				GCC_OPTIMIZATION_LEVEL = 3;
				GCC_PREPROCESSOR_DEFINITIONS = (
					"_NDEBUG=1",
					"NDEBUG=1",
					"HAVE_UNISTD_H=1",
					"JUCER_XCODE_MAC_CB61CB6D=1",
					"JUCE_APP_VERSION=1.0.3",
					"JUCE_APP_VERSION_HEX=0x10003",
					"JucePlugin_Build_VST=1",
					"JucePlugin_Build_VST3=1",
					"JucePlugin_Build_AU=1",
					"JucePlugin_Build_AUv3=0",
					"JucePlugin_Build_RTAS=0",
					"JucePlugin_Build_AAX=0",
					"JucePlugin_Build_Standalone=0",
					"JUCE_SHARED_CODE=1", );
				GCC_SYMBOLS_PRIVATE_EXTERN = YES;
				GCC_VERSION = com.apple.compilers.llvm.clang.1_0;
				HEADER_SEARCH_PATHS = ("../../../../VST", "../../../JuceLibraryCode", "../../../../Juce/modules", "../../../libpd/pure-data/src", "../../../libpd/libpd_wrapper", "../../../libpd/libpd_wrapper/util", "../../../libpd/cpp", "../../../../Juce/modules/juce_audio_plugin_client", "$(inherited)");
				INSTALL_PATH = "@executable_path/../Frameworks";
				LIBRARY_SEARCH_PATHS = ("$(inherited)", "\"../../../libpd/libs\"");
				LLVM_LTO = YES;
				MACOSX_DEPLOYMENT_TARGET = 10.9;
				MACOSX_DEPLOYMENT_TARGET_ppc = 10.4;
				OTHER_LDFLAGS = "-lpd-osx-multi";
				PRODUCT_BUNDLE_IDENTIFIER = com.pierreguillot.camomile;
				SDKROOT_ppc = macosx10.5;
				USE_HEADERMAP = NO; }; name = Release; };
		1D9E97C41AB620D034265DDF = {isa = XCBuildConfiguration; buildSettings = {
				ALWAYS_SEARCH_USER_PATHS = NO;
				CLANG_WARN_BLOCK_CAPTURE_AUTORELEASING = YES;
				CLANG_WARN_BOOL_CONVERSION = YES;
				CLANG_WARN_COMMA = YES;
				CLANG_WARN_CONSTANT_CONVERSION = YES;
				CLANG_WARN_EMPTY_BODY = YES;
				CLANG_WARN_ENUM_CONVERSION = YES;
				CLANG_WARN_INFINITE_RECURSION = YES;
				CLANG_WARN_INT_CONVERSION = YES;
				CLANG_WARN_NON_LITERAL_NULL_CONVERSION = YES;
				CLANG_WARN_OBJC_LITERAL_CONVERSION = YES;
				CLANG_WARN_RANGE_LOOP_ANALYSIS = YES;
				CLANG_WARN_STRICT_PROTOTYPES = YES;
				CLANG_WARN_SUSPICIOUS_MOVE = YES;
				CLANG_WARN_UNREACHABLE_CODE = YES;
				CLANG_WARN__DUPLICATE_METHOD_MATCH = YES;
				DEBUG_INFORMATION_FORMAT = "dwarf";
				ENABLE_STRICT_OBJC_MSGSEND = YES;
				ENABLE_TESTABILITY = YES;
				GCC_C_LANGUAGE_STANDARD = c11;
				GCC_INLINES_ARE_PRIVATE_EXTERN = YES;
				GCC_MODEL_TUNING = G5;
				GCC_NO_COMMON_BLOCKS = YES;
				GCC_WARN_64_TO_32_BIT_CONVERSION = YES;
				GCC_WARN_ABOUT_RETURN_TYPE = YES;
				GCC_WARN_CHECK_SWITCH_STATEMENTS = YES;
				GCC_WARN_MISSING_PARENTHESES = YES;
				GCC_WARN_NON_VIRTUAL_DESTRUCTOR = YES;
				GCC_WARN_TYPECHECK_CALLS_TO_PRINTF = YES;
				GCC_WARN_UNDECLARED_SELECTOR = YES;
				GCC_WARN_UNINITIALIZED_AUTOS = YES;
				GCC_WARN_UNUSED_FUNCTION = YES;
				GCC_WARN_UNUSED_VARIABLE = YES;
				PRODUCT_NAME = "Camomile";
				WARNING_CFLAGS = -Wreorder;
				ZERO_LINK = NO; }; name = Debug; };
		756F04450FE3A75679FFB2C2 = {isa = XCBuildConfiguration; buildSettings = {
				ALWAYS_SEARCH_USER_PATHS = NO;
				CLANG_WARN_BLOCK_CAPTURE_AUTORELEASING = YES;
				CLANG_WARN_BOOL_CONVERSION = YES;
				CLANG_WARN_COMMA = YES;
				CLANG_WARN_CONSTANT_CONVERSION = YES;
				CLANG_WARN_EMPTY_BODY = YES;
				CLANG_WARN_ENUM_CONVERSION = YES;
				CLANG_WARN_INFINITE_RECURSION = YES;
				CLANG_WARN_INT_CONVERSION = YES;
				CLANG_WARN_NON_LITERAL_NULL_CONVERSION = YES;
				CLANG_WARN_OBJC_LITERAL_CONVERSION = YES;
				CLANG_WARN_RANGE_LOOP_ANALYSIS = YES;
				CLANG_WARN_STRICT_PROTOTYPES = YES;
				CLANG_WARN_SUSPICIOUS_MOVE = YES;
				CLANG_WARN_UNREACHABLE_CODE = YES;
				CLANG_WARN__DUPLICATE_METHOD_MATCH = YES;
				DEBUG_INFORMATION_FORMAT = "dwarf";
				ENABLE_STRICT_OBJC_MSGSEND = YES;
				GCC_C_LANGUAGE_STANDARD = c11;
				GCC_INLINES_ARE_PRIVATE_EXTERN = YES;
				GCC_MODEL_TUNING = G5;
				GCC_NO_COMMON_BLOCKS = YES;
				GCC_WARN_64_TO_32_BIT_CONVERSION = YES;
				GCC_WARN_ABOUT_RETURN_TYPE = YES;
				GCC_WARN_CHECK_SWITCH_STATEMENTS = YES;
				GCC_WARN_MISSING_PARENTHESES = YES;
				GCC_WARN_NON_VIRTUAL_DESTRUCTOR = YES;
				GCC_WARN_TYPECHECK_CALLS_TO_PRINTF = YES;
				GCC_WARN_UNDECLARED_SELECTOR = YES;
				GCC_WARN_UNINITIALIZED_AUTOS = YES;
				GCC_WARN_UNUSED_FUNCTION = YES;
				GCC_WARN_UNUSED_VARIABLE = YES;
				PRODUCT_NAME = "Camomile";
				WARNING_CFLAGS = -Wreorder;
				ZERO_LINK = NO; }; name = Release; };
		398955D5066CDD4932E310CA = {isa = PBXTargetDependency; target = 783348B185006D1B6D1CF889; };
		A1C3BEFB2FD635B36DFEC246 = {isa = PBXTargetDependency; target = 074FFE22626A916E5D070022; };
		7D367FF9FDC3FA3B59CD142E = {isa = PBXTargetDependency; target = 6E51637F255AB3A3BE377A27; };
		3B6CB08BC817F55EB2060FF0 = {isa = PBXTargetDependency; target = DDC710B892FDE37A0F19292D; };
		45B5D544EF566C9A80C194D1 = {isa = XCConfigurationList; buildConfigurations = (
					1D9E97C41AB620D034265DDF,
					756F04450FE3A75679FFB2C2, ); defaultConfigurationIsVisible = 0; defaultConfigurationName = Debug; };
		3B22A2F6D74B5F05E60E2F12 = {isa = XCConfigurationList; buildConfigurations = (
					2CBA2B2FAC7856B12F32D615,
					14448DF110F90A9D18FB6432, ); defaultConfigurationIsVisible = 0; defaultConfigurationName = Debug; };
		FF882317069013018CDCC4B9 = {isa = PBXAggregateTarget; buildConfigurationList = 3B22A2F6D74B5F05E60E2F12; buildPhases = (  ); buildRules = ( ); dependencies = (
					398955D5066CDD4932E310CA,
					A1C3BEFB2FD635B36DFEC246,
					7D367FF9FDC3FA3B59CD142E,
					3B6CB08BC817F55EB2060FF0, ); name = "Camomile - All"; productName = Camomile; };
		12F3F19C9140816E401200E7 = {isa = XCConfigurationList; buildConfigurations = (
					38E777C9643692C810B1C8FB,
					E1C833C24642DDE132DDB289, ); defaultConfigurationIsVisible = 0; defaultConfigurationName = Debug; };
		977FD1C77702E965B0B941EB = {isa = PBXResourcesBuildPhase; buildActionMask = 2147483647; files = (
					1314F70188DC30A4977CDDD0, ); runOnlyForDeploymentPostprocessing = 0; };
		A7D8A5492218422E17FDE59F = {isa = PBXSourcesBuildPhase; buildActionMask = 2147483647; files = (
					420494E018B11A8291D048FE, ); runOnlyForDeploymentPostprocessing = 0; };
		056BAEA50FAAB89AEDEE104E = {isa = PBXFrameworksBuildPhase; buildActionMask = 2147483647; files = (
					E80DDFD87DFAFCCA08F06C8D,
					ECD0C50902AADE2BFBEB2473,
					5B9DEC2B731165020FA1049D,
					CAE49CFFD40DA63270862008,
					F7AA88D706F73F4C397B30B1,
					D8C0EB835AB5C8588080ADA8,
					AF098924AEF22D10948AD247,
					1D6A35377B315D4C5DD8988C,
					41FC30E3F431ADCDFD135F4C,
					8390F31E7B7096D3DA0944D1, ); runOnlyForDeploymentPostprocessing = 0; };
		783348B185006D1B6D1CF889 = {isa = PBXNativeTarget; buildConfigurationList = 12F3F19C9140816E401200E7; buildPhases = (
					977FD1C77702E965B0B941EB,
					A7D8A5492218422E17FDE59F,
					056BAEA50FAAB89AEDEE104E, ); buildRules = ( ); dependencies = (
					3B6CB08BC817F55EB2060FF0, ); name = "Camomile - VST"; productName = Camomile; productReference = DA8E85693D2B1FF0BF889168; productType = "com.apple.product-type.bundle"; };
		013B136A6DAE9FC0796286AA = {isa = XCConfigurationList; buildConfigurations = (
					A07CC61ED7A2AA1C006DE2BF,
					666BA72AE4BA4C73FB897C57, ); defaultConfigurationIsVisible = 0; defaultConfigurationName = Debug; };
		C411242BDF6664CD3B446C46 = {isa = PBXResourcesBuildPhase; buildActionMask = 2147483647; files = (
					1314F70188DC30A4977CDDD0, ); runOnlyForDeploymentPostprocessing = 0; };
		85D9FACA5A845790C890047A = {isa = PBXSourcesBuildPhase; buildActionMask = 2147483647; files = (
					F9496DDB6F78E7B3FD331EE7, ); runOnlyForDeploymentPostprocessing = 0; };
		D6664941DA95E4B0A1AC81B9 = {isa = PBXFrameworksBuildPhase; buildActionMask = 2147483647; files = (
					E80DDFD87DFAFCCA08F06C8D,
					ECD0C50902AADE2BFBEB2473,
					5B9DEC2B731165020FA1049D,
					CAE49CFFD40DA63270862008,
					F7AA88D706F73F4C397B30B1,
					D8C0EB835AB5C8588080ADA8,
					AF098924AEF22D10948AD247,
					1D6A35377B315D4C5DD8988C,
					41FC30E3F431ADCDFD135F4C,
					8390F31E7B7096D3DA0944D1, ); runOnlyForDeploymentPostprocessing = 0; };
		074FFE22626A916E5D070022 = {isa = PBXNativeTarget; buildConfigurationList = 013B136A6DAE9FC0796286AA; buildPhases = (
					C411242BDF6664CD3B446C46,
					85D9FACA5A845790C890047A,
					D6664941DA95E4B0A1AC81B9, ); buildRules = ( ); dependencies = (
					3B6CB08BC817F55EB2060FF0, ); name = "Camomile - VST3"; productName = Camomile; productReference = FC92B2E6ACE35464C37365C0; productType = "com.apple.product-type.bundle"; };
		0EC1838C1EE6910A33A80587 = {isa = XCConfigurationList; buildConfigurations = (
					3ADE7EA06C7024AA54568943,
					4EC083C8D642847866BA9DC3, ); defaultConfigurationIsVisible = 0; defaultConfigurationName = Debug; };
		746A63D10CBD9CFD254F3CC8 = {isa = PBXResourcesBuildPhase; buildActionMask = 2147483647; files = (
					1314F70188DC30A4977CDDD0, ); runOnlyForDeploymentPostprocessing = 0; };
		7DF46B730180C36DCC6DBEEE = {isa = PBXRezBuildPhase; buildActionMask = 2147483647; files = (
					BC88DCFC756470440844C307, ); runOnlyForDeploymentPostprocessing = 0; };
		2723395CC2E1ACB1AEC5BE36 = {isa = PBXSourcesBuildPhase; buildActionMask = 2147483647; files = (
					9065E1D322A36A64C9E522F7,
					4F4C6967B4423A0EAEC2069B, ); runOnlyForDeploymentPostprocessing = 0; };
		6124DA50739A55043DD888B0 = {isa = PBXFrameworksBuildPhase; buildActionMask = 2147483647; files = (
					E80DDFD87DFAFCCA08F06C8D,
					ECD0C50902AADE2BFBEB2473,
					F0E616AAADE2C8DFABCA8F14,
					5B9DEC2B731165020FA1049D,
					CAE49CFFD40DA63270862008,
					F7AA88D706F73F4C397B30B1,
					BABB947ED89952F98B386B72,
					D8C0EB835AB5C8588080ADA8,
					AF098924AEF22D10948AD247,
					1D6A35377B315D4C5DD8988C,
					41FC30E3F431ADCDFD135F4C,
					8390F31E7B7096D3DA0944D1, ); runOnlyForDeploymentPostprocessing = 0; };
		6E51637F255AB3A3BE377A27 = {isa = PBXNativeTarget; buildConfigurationList = 0EC1838C1EE6910A33A80587; buildPhases = (
					746A63D10CBD9CFD254F3CC8,
					7DF46B730180C36DCC6DBEEE,
					2723395CC2E1ACB1AEC5BE36,
					6124DA50739A55043DD888B0, ); buildRules = ( ); dependencies = (
					3B6CB08BC817F55EB2060FF0, ); name = "Camomile - AU"; productName = Camomile; productReference = F0657FB482A465FFE77070B4; productType = "com.apple.product-type.bundle"; };
		DA3EF33CB753A60A9AB8C905 = {isa = XCConfigurationList; buildConfigurations = (
					9ABADE3B86E7D606F573631A,
					4562E92E467DB3A22C5AAF79, ); defaultConfigurationIsVisible = 0; defaultConfigurationName = Debug; };
		ABAF9E396C72F301341376AF = {isa = PBXSourcesBuildPhase; buildActionMask = 2147483647; files = (
					DEE68861C94E47E61FD2509E,
					E88F81C2B308098E35BD0017,
					26BECDF9EE053F2C302F1DF8,
					156A054B83F22912F54D2C9E,
					C4076150CB9707EDFF204BAD,
					9BE641EF7F7B9793292183EB,
					ACBC6B84109271332B461DB1,
					31FD1D569D4772F4C8DB4180,
					3AB35A9CF6A3BD118A410047,
					A8CDBC3C5CC8A094D86DBAA1,
					8D33BD014D6E59004D31AC1F,
					E00C2703A94ECB4FA08E46D9,
					82654D080B6FF4C40FD1803D,
					C061B029677C9ADEC915A303,
					C65DD835E9242E53EC41F9E9,
					9D481E71E6D5BA1AECBF1321,
					039EE51D4263DF63325C3576,
					7CFE96703915DBD475593465,
					B4DCA5FCBBCECED33E89DDB5,
					6E358DB53769554B6CD4A73E,
					00FA079AE643A3C8AD27A4F7,
					991EB65116AF0CA2FCB9A5DD,
					4F486927D375FF92019107A8,
					1ADA1D857E8A7EBFA8CF8C40,
					3C462535AEC781BB6DFF886A,
					3E4B9ED4A179B297BEE43031,
					DDD5B4AE5D819D28A70CA13C,
					6613BA233CA1171E07A5D216, ); runOnlyForDeploymentPostprocessing = 0; };
		DDC710B892FDE37A0F19292D = {isa = PBXNativeTarget; buildConfigurationList = DA3EF33CB753A60A9AB8C905; buildPhases = (
					ABAF9E396C72F301341376AF, ); buildRules = ( ); dependencies = (  ); name = "Camomile - Shared Code"; productName = Camomile; productReference = 708A32A22376B7F496CD7798; productType = "com.apple.product-type.library.static"; };
		15ACA8DC04997A4E478AA331 = {isa = PBXProject; buildConfigurationList = 45B5D544EF566C9A80C194D1; attributes = { LastUpgradeCheck = 0830; ORGANIZATIONNAME = "Pierre Guillot"; TargetAttributes = { FF882317069013018CDCC4B9 = { SystemCapabilities = {com.apple.ApplicationGroups.iOS = { enabled = 0; }; com.apple.InAppPurchase = { enabled = 0; }; com.apple.InterAppAudio = { enabled = 0; }; com.apple.Push = { enabled = 0; }; com.apple.Sandbox = { enabled = 0; }; }; };783348B185006D1B6D1CF889 = { SystemCapabilities = {com.apple.ApplicationGroups.iOS = { enabled = 0; }; com.apple.InAppPurchase = { enabled = 0; }; com.apple.InterAppAudio = { enabled = 0; }; com.apple.Push = { enabled = 0; }; com.apple.Sandbox = { enabled = 0; }; }; };074FFE22626A916E5D070022 = { SystemCapabilities = {com.apple.ApplicationGroups.iOS = { enabled = 0; }; com.apple.InAppPurchase = { enabled = 0; }; com.apple.InterAppAudio = { enabled = 0; }; com.apple.Push = { enabled = 0; }; com.apple.Sandbox = { enabled = 0; }; }; };6E51637F255AB3A3BE377A27 = { SystemCapabilities = {com.apple.ApplicationGroups.iOS = { enabled = 0; }; com.apple.InAppPurchase = { enabled = 0; }; com.apple.InterAppAudio = { enabled = 0; }; com.apple.Push = { enabled = 0; }; com.apple.Sandbox = { enabled = 0; }; }; };DDC710B892FDE37A0F19292D = { SystemCapabilities = {com.apple.ApplicationGroups.iOS = { enabled = 0; }; com.apple.InAppPurchase = { enabled = 0; }; com.apple.InterAppAudio = { enabled = 0; }; com.apple.Push = { enabled = 0; }; com.apple.Sandbox = { enabled = 0; }; }; }; }; }; compatibilityVersion = "Xcode 3.2"; hasScannedForEncodings = 0; mainGroup = 2832614ECCD05A7E32AD0AE8; projectDirPath = ""; projectRoot = ""; targets = (FF882317069013018CDCC4B9, 783348B185006D1B6D1CF889, 074FFE22626A916E5D070022, 6E51637F255AB3A3BE377A27, DDC710B892FDE37A0F19292D); };
	};
	rootObject = 15ACA8DC04997A4E478AA331;
}
